
Microsoft Visual Studio Solution File, Format Version 12.00
# Visual Studio Version 16
VisualStudioVersion = 16.0.28803.156
MinimumVisualStudioVersion = 10.0.40219.1
Project("{9A19103F-16F7-4668-BE54-9A1E7A4F7556}") = "LanguageExt.Core", "LanguageExt.Core\LanguageExt.Core.csproj", "{4537B8A8-6CA4-4DCB-B30E-7CADD29A324F}"
EndProject
Project("{9A19103F-16F7-4668-BE54-9A1E7A4F7556}") = "LanguageExt.FSharp", "LanguageExt.FSharp\LanguageExt.FSharp.csproj", "{F7218BC7-BB70-48D7-8D43-0006E880F5BA}"
EndProject
Project("{9A19103F-16F7-4668-BE54-9A1E7A4F7556}") = "LanguageExt.Parsec", "LanguageExt.Parsec\LanguageExt.Parsec.csproj", "{29E65953-E2D9-4C9F-82FE-DEF50BBA4A48}"
EndProject
Project("{2150E333-8FDC-42A3-9474-1A3956D46DE8}") = "Samples", "Samples", "{1ABB8B79-9BF2-4C51-A920-9C17BF11273F}"
EndProject
Project("{9A19103F-16F7-4668-BE54-9A1E7A4F7556}") = "TestBed", "Samples\TestBed\TestBed.csproj", "{3D165617-8A90-4BEB-B951-6168EDDA232D}"
EndProject
Project("{9A19103F-16F7-4668-BE54-9A1E7A4F7556}") = "LanguageExt.Tests", "LanguageExt.Tests\LanguageExt.Tests.csproj", "{E882F67B-24EC-444B-B748-EE9BEFF904E2}"
EndProject
Project("{9A19103F-16F7-4668-BE54-9A1E7A4F7556}") = "RecordsNetCore", "Samples\RecordsNetCore\RecordsNetCore.csproj", "{91B55080-5E1C-467A-AE19-EE4433BA6601}"
EndProject
Project("{9A19103F-16F7-4668-BE54-9A1E7A4F7556}") = "LanguageExt.Rx", "LanguageExt.Rx\LanguageExt.Rx.csproj", "{A191CF80-FC53-4142-9769-CF949F3277B9}"
EndProject
Project("{9A19103F-16F7-4668-BE54-9A1E7A4F7556}") = "LanguageExt.Benchmarks", "LanguageExt.Benchmarks\LanguageExt.Benchmarks.csproj", "{4F7FCDBC-F37A-493B-A648-107F69F10EFF}"
EndProject
Project("{FAE04EC0-301F-11D3-BF4B-00C04F79EFBC}") = "LanguageExt.Sys", "LanguageExt.Sys\LanguageExt.Sys.csproj", "{8D43E156-DE9A-46CD-A732-9F66A1F84B1D}"
EndProject
Project("{FAE04EC0-301F-11D3-BF4B-00C04F79EFBC}") = "EffectsExamples", "Samples\EffectsExamples\EffectsExamples.csproj", "{A23ED3D6-6A1A-457C-A55A-21BCDC886A47}"
EndProject
Project("{FAE04EC0-301F-11D3-BF4B-00C04F79EFBC}") = "TestBed.WPF", "Samples\TestBed.WPF\TestBed.WPF.csproj", "{F17CB314-8CC5-4343-AAE8-7292B700E5BA}"
EndProject
Project("{FAE04EC0-301F-11D3-BF4B-00C04F79EFBC}") = "IOExmples", "Samples\IOExmples\IOExmples.csproj", "{BA5DF6B6-378C-4880-9CC3-802F3B560EFF}"
EndProject
Project("{FAE04EC0-301F-11D3-BF4B-00C04F79EFBC}") = "CardGame", "Samples\CardGame\CardGame.csproj", "{B309F69E-87C4-43F3-9766-FCCDE6AC66A2}"
EndProject
Project("{FAE04EC0-301F-11D3-BF4B-00C04F79EFBC}") = "Newsletter", "Samples\Newsletter\Newsletter\Newsletter.csproj", "{32BB0F08-5A9D-4245-8721-2A3B12607270}"
EndProject
Project("{FAE04EC0-301F-11D3-BF4B-00C04F79EFBC}") = "Streams", "Samples\Streams\Streams.csproj", "{B4D4721B-A599-4149-BD3A-822C277FC0FE}"
EndProject
Project("{FAE04EC0-301F-11D3-BF4B-00C04F79EFBC}") = "TestBed.Web", "Samples\TestBed.Web\TestBed.Web.csproj", "{A7058669-DC59-4FFA-9A04-143D9569F55D}"
EndProject
Project("{FAE04EC0-301F-11D3-BF4B-00C04F79EFBC}") = "TestBed.Web.Runner", "Samples\TestBed.Web.Runner\TestBed.Web.Runner.csproj", "{F6CB0C45-09D5-4178-AEA6-F113E24FEEC5}"
EndProject
Project("{FAE04EC0-301F-11D3-BF4B-00C04F79EFBC}") = "DomainTypesExamples", "Samples\DomainTypesExamples\DomainTypesExamples.csproj", "{72F07BEF-4379-4FD9-8CBA-CFB01D004718}"
EndProject
Project("{FAE04EC0-301F-11D3-BF4B-00C04F79EFBC}") = "CreditCardValidation", "Samples\CreditCardValidation\CreditCardValidation.csproj", "{AF8ED740-D77D-4080-9952-59232C57767C}"
EndProject
Project("{FAE04EC0-301F-11D3-BF4B-00C04F79EFBC}") = "LanguageExt.Pipes", "LanguageExt.Pipes\LanguageExt.Pipes.csproj", "{6661A967-81D7-4236-99BC-AD42F71B6C1F}"
EndProject
Project("{FAE04EC0-301F-11D3-BF4B-00C04F79EFBC}") = "PipesExamples", "Samples\PipesExamples\PipesExamples.csproj", "{8CE4D269-B685-438C-AA1B-48D3E73C60DB}"
EndProject
Global
	GlobalSection(SolutionConfigurationPlatforms) = preSolution
		Debug|Any CPU = Debug|Any CPU
		Debug|x64 = Debug|x64
		Debug|x86 = Debug|x86
		Release|Any CPU = Release|Any CPU
		Release|x64 = Release|x64
		Release|x86 = Release|x86
	EndGlobalSection
	GlobalSection(ProjectConfigurationPlatforms) = postSolution
		{4537B8A8-6CA4-4DCB-B30E-7CADD29A324F}.Debug|Any CPU.ActiveCfg = Debug|Any CPU
		{4537B8A8-6CA4-4DCB-B30E-7CADD29A324F}.Debug|Any CPU.Build.0 = Debug|Any CPU
		{4537B8A8-6CA4-4DCB-B30E-7CADD29A324F}.Debug|x64.ActiveCfg = Debug|Any CPU
		{4537B8A8-6CA4-4DCB-B30E-7CADD29A324F}.Debug|x64.Build.0 = Debug|Any CPU
		{4537B8A8-6CA4-4DCB-B30E-7CADD29A324F}.Debug|x86.ActiveCfg = Debug|Any CPU
		{4537B8A8-6CA4-4DCB-B30E-7CADD29A324F}.Debug|x86.Build.0 = Debug|Any CPU
		{4537B8A8-6CA4-4DCB-B30E-7CADD29A324F}.Release|Any CPU.ActiveCfg = Release|Any CPU
		{4537B8A8-6CA4-4DCB-B30E-7CADD29A324F}.Release|Any CPU.Build.0 = Release|Any CPU
		{4537B8A8-6CA4-4DCB-B30E-7CADD29A324F}.Release|x64.ActiveCfg = Release|Any CPU
		{4537B8A8-6CA4-4DCB-B30E-7CADD29A324F}.Release|x64.Build.0 = Release|Any CPU
		{4537B8A8-6CA4-4DCB-B30E-7CADD29A324F}.Release|x86.ActiveCfg = Release|Any CPU
		{4537B8A8-6CA4-4DCB-B30E-7CADD29A324F}.Release|x86.Build.0 = Release|Any CPU
		{F7218BC7-BB70-48D7-8D43-0006E880F5BA}.Debug|Any CPU.ActiveCfg = Debug|Any CPU
		{F7218BC7-BB70-48D7-8D43-0006E880F5BA}.Debug|Any CPU.Build.0 = Debug|Any CPU
		{F7218BC7-BB70-48D7-8D43-0006E880F5BA}.Debug|x64.ActiveCfg = Debug|Any CPU
		{F7218BC7-BB70-48D7-8D43-0006E880F5BA}.Debug|x64.Build.0 = Debug|Any CPU
		{F7218BC7-BB70-48D7-8D43-0006E880F5BA}.Debug|x86.ActiveCfg = Debug|Any CPU
		{F7218BC7-BB70-48D7-8D43-0006E880F5BA}.Debug|x86.Build.0 = Debug|Any CPU
		{F7218BC7-BB70-48D7-8D43-0006E880F5BA}.Release|Any CPU.ActiveCfg = Release|Any CPU
		{F7218BC7-BB70-48D7-8D43-0006E880F5BA}.Release|Any CPU.Build.0 = Release|Any CPU
		{F7218BC7-BB70-48D7-8D43-0006E880F5BA}.Release|x64.ActiveCfg = Release|Any CPU
		{F7218BC7-BB70-48D7-8D43-0006E880F5BA}.Release|x64.Build.0 = Release|Any CPU
		{F7218BC7-BB70-48D7-8D43-0006E880F5BA}.Release|x86.ActiveCfg = Release|Any CPU
		{F7218BC7-BB70-48D7-8D43-0006E880F5BA}.Release|x86.Build.0 = Release|Any CPU
		{29E65953-E2D9-4C9F-82FE-DEF50BBA4A48}.Debug|Any CPU.ActiveCfg = Debug|Any CPU
		{29E65953-E2D9-4C9F-82FE-DEF50BBA4A48}.Debug|Any CPU.Build.0 = Debug|Any CPU
		{29E65953-E2D9-4C9F-82FE-DEF50BBA4A48}.Debug|x64.ActiveCfg = Debug|Any CPU
		{29E65953-E2D9-4C9F-82FE-DEF50BBA4A48}.Debug|x64.Build.0 = Debug|Any CPU
		{29E65953-E2D9-4C9F-82FE-DEF50BBA4A48}.Debug|x86.ActiveCfg = Debug|Any CPU
		{29E65953-E2D9-4C9F-82FE-DEF50BBA4A48}.Debug|x86.Build.0 = Debug|Any CPU
		{29E65953-E2D9-4C9F-82FE-DEF50BBA4A48}.Release|Any CPU.ActiveCfg = Release|Any CPU
		{29E65953-E2D9-4C9F-82FE-DEF50BBA4A48}.Release|Any CPU.Build.0 = Release|Any CPU
		{29E65953-E2D9-4C9F-82FE-DEF50BBA4A48}.Release|x64.ActiveCfg = Release|Any CPU
		{29E65953-E2D9-4C9F-82FE-DEF50BBA4A48}.Release|x64.Build.0 = Release|Any CPU
		{29E65953-E2D9-4C9F-82FE-DEF50BBA4A48}.Release|x86.ActiveCfg = Release|Any CPU
		{29E65953-E2D9-4C9F-82FE-DEF50BBA4A48}.Release|x86.Build.0 = Release|Any CPU
		{3D165617-8A90-4BEB-B951-6168EDDA232D}.Debug|Any CPU.ActiveCfg = Debug|Any CPU
		{3D165617-8A90-4BEB-B951-6168EDDA232D}.Debug|Any CPU.Build.0 = Debug|Any CPU
		{3D165617-8A90-4BEB-B951-6168EDDA232D}.Debug|x64.ActiveCfg = Debug|Any CPU
		{3D165617-8A90-4BEB-B951-6168EDDA232D}.Debug|x64.Build.0 = Debug|Any CPU
		{3D165617-8A90-4BEB-B951-6168EDDA232D}.Debug|x86.ActiveCfg = Debug|Any CPU
		{3D165617-8A90-4BEB-B951-6168EDDA232D}.Debug|x86.Build.0 = Debug|Any CPU
		{3D165617-8A90-4BEB-B951-6168EDDA232D}.Release|Any CPU.ActiveCfg = Release|Any CPU
		{3D165617-8A90-4BEB-B951-6168EDDA232D}.Release|Any CPU.Build.0 = Release|Any CPU
		{3D165617-8A90-4BEB-B951-6168EDDA232D}.Release|x64.ActiveCfg = Release|Any CPU
		{3D165617-8A90-4BEB-B951-6168EDDA232D}.Release|x64.Build.0 = Release|Any CPU
		{3D165617-8A90-4BEB-B951-6168EDDA232D}.Release|x86.ActiveCfg = Release|Any CPU
		{3D165617-8A90-4BEB-B951-6168EDDA232D}.Release|x86.Build.0 = Release|Any CPU
		{E882F67B-24EC-444B-B748-EE9BEFF904E2}.Debug|Any CPU.ActiveCfg = Debug|Any CPU
		{E882F67B-24EC-444B-B748-EE9BEFF904E2}.Debug|Any CPU.Build.0 = Debug|Any CPU
		{E882F67B-24EC-444B-B748-EE9BEFF904E2}.Debug|x64.ActiveCfg = Debug|Any CPU
		{E882F67B-24EC-444B-B748-EE9BEFF904E2}.Debug|x64.Build.0 = Debug|Any CPU
		{E882F67B-24EC-444B-B748-EE9BEFF904E2}.Debug|x86.ActiveCfg = Debug|Any CPU
		{E882F67B-24EC-444B-B748-EE9BEFF904E2}.Debug|x86.Build.0 = Debug|Any CPU
		{E882F67B-24EC-444B-B748-EE9BEFF904E2}.Release|Any CPU.ActiveCfg = Release|Any CPU
		{E882F67B-24EC-444B-B748-EE9BEFF904E2}.Release|Any CPU.Build.0 = Release|Any CPU
		{E882F67B-24EC-444B-B748-EE9BEFF904E2}.Release|x64.ActiveCfg = Release|Any CPU
		{E882F67B-24EC-444B-B748-EE9BEFF904E2}.Release|x64.Build.0 = Release|Any CPU
		{E882F67B-24EC-444B-B748-EE9BEFF904E2}.Release|x86.ActiveCfg = Release|Any CPU
		{E882F67B-24EC-444B-B748-EE9BEFF904E2}.Release|x86.Build.0 = Release|Any CPU
		{91B55080-5E1C-467A-AE19-EE4433BA6601}.Debug|Any CPU.ActiveCfg = Debug|Any CPU
		{91B55080-5E1C-467A-AE19-EE4433BA6601}.Debug|Any CPU.Build.0 = Debug|Any CPU
		{91B55080-5E1C-467A-AE19-EE4433BA6601}.Debug|x64.ActiveCfg = Debug|Any CPU
		{91B55080-5E1C-467A-AE19-EE4433BA6601}.Debug|x64.Build.0 = Debug|Any CPU
		{91B55080-5E1C-467A-AE19-EE4433BA6601}.Debug|x86.ActiveCfg = Debug|Any CPU
		{91B55080-5E1C-467A-AE19-EE4433BA6601}.Debug|x86.Build.0 = Debug|Any CPU
		{91B55080-5E1C-467A-AE19-EE4433BA6601}.Release|Any CPU.ActiveCfg = Release|Any CPU
		{91B55080-5E1C-467A-AE19-EE4433BA6601}.Release|Any CPU.Build.0 = Release|Any CPU
		{91B55080-5E1C-467A-AE19-EE4433BA6601}.Release|x64.ActiveCfg = Release|Any CPU
		{91B55080-5E1C-467A-AE19-EE4433BA6601}.Release|x64.Build.0 = Release|Any CPU
		{91B55080-5E1C-467A-AE19-EE4433BA6601}.Release|x86.ActiveCfg = Release|Any CPU
		{91B55080-5E1C-467A-AE19-EE4433BA6601}.Release|x86.Build.0 = Release|Any CPU
		{A191CF80-FC53-4142-9769-CF949F3277B9}.Debug|Any CPU.ActiveCfg = Debug|Any CPU
		{A191CF80-FC53-4142-9769-CF949F3277B9}.Debug|Any CPU.Build.0 = Debug|Any CPU
		{A191CF80-FC53-4142-9769-CF949F3277B9}.Debug|x64.ActiveCfg = Debug|Any CPU
		{A191CF80-FC53-4142-9769-CF949F3277B9}.Debug|x64.Build.0 = Debug|Any CPU
		{A191CF80-FC53-4142-9769-CF949F3277B9}.Debug|x86.ActiveCfg = Debug|Any CPU
		{A191CF80-FC53-4142-9769-CF949F3277B9}.Debug|x86.Build.0 = Debug|Any CPU
		{A191CF80-FC53-4142-9769-CF949F3277B9}.Release|Any CPU.ActiveCfg = Release|Any CPU
		{A191CF80-FC53-4142-9769-CF949F3277B9}.Release|Any CPU.Build.0 = Release|Any CPU
		{A191CF80-FC53-4142-9769-CF949F3277B9}.Release|x64.ActiveCfg = Release|Any CPU
		{A191CF80-FC53-4142-9769-CF949F3277B9}.Release|x64.Build.0 = Release|Any CPU
		{A191CF80-FC53-4142-9769-CF949F3277B9}.Release|x86.ActiveCfg = Release|Any CPU
		{A191CF80-FC53-4142-9769-CF949F3277B9}.Release|x86.Build.0 = Release|Any CPU
		{4F7FCDBC-F37A-493B-A648-107F69F10EFF}.Debug|Any CPU.ActiveCfg = Debug|Any CPU
		{4F7FCDBC-F37A-493B-A648-107F69F10EFF}.Debug|Any CPU.Build.0 = Debug|Any CPU
		{4F7FCDBC-F37A-493B-A648-107F69F10EFF}.Debug|x64.ActiveCfg = Debug|Any CPU
		{4F7FCDBC-F37A-493B-A648-107F69F10EFF}.Debug|x64.Build.0 = Debug|Any CPU
		{4F7FCDBC-F37A-493B-A648-107F69F10EFF}.Debug|x86.ActiveCfg = Debug|Any CPU
		{4F7FCDBC-F37A-493B-A648-107F69F10EFF}.Debug|x86.Build.0 = Debug|Any CPU
		{4F7FCDBC-F37A-493B-A648-107F69F10EFF}.Release|Any CPU.ActiveCfg = Release|Any CPU
		{4F7FCDBC-F37A-493B-A648-107F69F10EFF}.Release|Any CPU.Build.0 = Release|Any CPU
		{4F7FCDBC-F37A-493B-A648-107F69F10EFF}.Release|x64.ActiveCfg = Release|Any CPU
		{4F7FCDBC-F37A-493B-A648-107F69F10EFF}.Release|x64.Build.0 = Release|Any CPU
		{4F7FCDBC-F37A-493B-A648-107F69F10EFF}.Release|x86.ActiveCfg = Release|Any CPU
		{4F7FCDBC-F37A-493B-A648-107F69F10EFF}.Release|x86.Build.0 = Release|Any CPU
		{8D43E156-DE9A-46CD-A732-9F66A1F84B1D}.Debug|Any CPU.ActiveCfg = Debug|Any CPU
		{8D43E156-DE9A-46CD-A732-9F66A1F84B1D}.Debug|Any CPU.Build.0 = Debug|Any CPU
		{8D43E156-DE9A-46CD-A732-9F66A1F84B1D}.Debug|x64.ActiveCfg = Debug|Any CPU
		{8D43E156-DE9A-46CD-A732-9F66A1F84B1D}.Debug|x64.Build.0 = Debug|Any CPU
		{8D43E156-DE9A-46CD-A732-9F66A1F84B1D}.Debug|x86.ActiveCfg = Debug|Any CPU
		{8D43E156-DE9A-46CD-A732-9F66A1F84B1D}.Debug|x86.Build.0 = Debug|Any CPU
		{8D43E156-DE9A-46CD-A732-9F66A1F84B1D}.Release|Any CPU.ActiveCfg = Release|Any CPU
		{8D43E156-DE9A-46CD-A732-9F66A1F84B1D}.Release|Any CPU.Build.0 = Release|Any CPU
		{8D43E156-DE9A-46CD-A732-9F66A1F84B1D}.Release|x64.ActiveCfg = Release|Any CPU
		{8D43E156-DE9A-46CD-A732-9F66A1F84B1D}.Release|x64.Build.0 = Release|Any CPU
		{8D43E156-DE9A-46CD-A732-9F66A1F84B1D}.Release|x86.ActiveCfg = Release|Any CPU
		{8D43E156-DE9A-46CD-A732-9F66A1F84B1D}.Release|x86.Build.0 = Release|Any CPU
		{A23ED3D6-6A1A-457C-A55A-21BCDC886A47}.Debug|Any CPU.ActiveCfg = Debug|Any CPU
		{A23ED3D6-6A1A-457C-A55A-21BCDC886A47}.Debug|Any CPU.Build.0 = Debug|Any CPU
		{A23ED3D6-6A1A-457C-A55A-21BCDC886A47}.Debug|x64.ActiveCfg = Debug|Any CPU
		{A23ED3D6-6A1A-457C-A55A-21BCDC886A47}.Debug|x64.Build.0 = Debug|Any CPU
		{A23ED3D6-6A1A-457C-A55A-21BCDC886A47}.Debug|x86.ActiveCfg = Debug|Any CPU
		{A23ED3D6-6A1A-457C-A55A-21BCDC886A47}.Debug|x86.Build.0 = Debug|Any CPU
		{A23ED3D6-6A1A-457C-A55A-21BCDC886A47}.Release|Any CPU.ActiveCfg = Release|Any CPU
		{A23ED3D6-6A1A-457C-A55A-21BCDC886A47}.Release|Any CPU.Build.0 = Release|Any CPU
		{A23ED3D6-6A1A-457C-A55A-21BCDC886A47}.Release|x64.ActiveCfg = Release|Any CPU
		{A23ED3D6-6A1A-457C-A55A-21BCDC886A47}.Release|x64.Build.0 = Release|Any CPU
		{A23ED3D6-6A1A-457C-A55A-21BCDC886A47}.Release|x86.ActiveCfg = Release|Any CPU
		{A23ED3D6-6A1A-457C-A55A-21BCDC886A47}.Release|x86.Build.0 = Release|Any CPU
		{A5CEDB48-F840-4462-8BE9-65BF35C8D5A2}.Debug|Any CPU.ActiveCfg = Debug|Any CPU
		{A5CEDB48-F840-4462-8BE9-65BF35C8D5A2}.Debug|Any CPU.Build.0 = Debug|Any CPU
		{A5CEDB48-F840-4462-8BE9-65BF35C8D5A2}.Debug|x64.ActiveCfg = Debug|Any CPU
		{A5CEDB48-F840-4462-8BE9-65BF35C8D5A2}.Debug|x64.Build.0 = Debug|Any CPU
		{A5CEDB48-F840-4462-8BE9-65BF35C8D5A2}.Debug|x86.ActiveCfg = Debug|Any CPU
		{A5CEDB48-F840-4462-8BE9-65BF35C8D5A2}.Debug|x86.Build.0 = Debug|Any CPU
		{A5CEDB48-F840-4462-8BE9-65BF35C8D5A2}.Release|Any CPU.ActiveCfg = Release|Any CPU
		{A5CEDB48-F840-4462-8BE9-65BF35C8D5A2}.Release|Any CPU.Build.0 = Release|Any CPU
		{A5CEDB48-F840-4462-8BE9-65BF35C8D5A2}.Release|x64.ActiveCfg = Release|Any CPU
		{A5CEDB48-F840-4462-8BE9-65BF35C8D5A2}.Release|x64.Build.0 = Release|Any CPU
		{A5CEDB48-F840-4462-8BE9-65BF35C8D5A2}.Release|x86.ActiveCfg = Release|Any CPU
		{A5CEDB48-F840-4462-8BE9-65BF35C8D5A2}.Release|x86.Build.0 = Release|Any CPU
		{F17CB314-8CC5-4343-AAE8-7292B700E5BA}.Debug|Any CPU.ActiveCfg = Debug|Any CPU
		{F17CB314-8CC5-4343-AAE8-7292B700E5BA}.Debug|Any CPU.Build.0 = Debug|Any CPU
		{F17CB314-8CC5-4343-AAE8-7292B700E5BA}.Debug|x64.ActiveCfg = Debug|Any CPU
		{F17CB314-8CC5-4343-AAE8-7292B700E5BA}.Debug|x64.Build.0 = Debug|Any CPU
		{F17CB314-8CC5-4343-AAE8-7292B700E5BA}.Debug|x86.ActiveCfg = Debug|Any CPU
		{F17CB314-8CC5-4343-AAE8-7292B700E5BA}.Debug|x86.Build.0 = Debug|Any CPU
		{F17CB314-8CC5-4343-AAE8-7292B700E5BA}.Release|Any CPU.ActiveCfg = Release|Any CPU
		{F17CB314-8CC5-4343-AAE8-7292B700E5BA}.Release|Any CPU.Build.0 = Release|Any CPU
		{F17CB314-8CC5-4343-AAE8-7292B700E5BA}.Release|x64.ActiveCfg = Release|Any CPU
		{F17CB314-8CC5-4343-AAE8-7292B700E5BA}.Release|x64.Build.0 = Release|Any CPU
		{F17CB314-8CC5-4343-AAE8-7292B700E5BA}.Release|x86.ActiveCfg = Release|Any CPU
		{F17CB314-8CC5-4343-AAE8-7292B700E5BA}.Release|x86.Build.0 = Release|Any CPU
		{BA5DF6B6-378C-4880-9CC3-802F3B560EFF}.Debug|Any CPU.ActiveCfg = Debug|Any CPU
		{BA5DF6B6-378C-4880-9CC3-802F3B560EFF}.Debug|Any CPU.Build.0 = Debug|Any CPU
		{BA5DF6B6-378C-4880-9CC3-802F3B560EFF}.Debug|x64.ActiveCfg = Debug|Any CPU
		{BA5DF6B6-378C-4880-9CC3-802F3B560EFF}.Debug|x64.Build.0 = Debug|Any CPU
		{BA5DF6B6-378C-4880-9CC3-802F3B560EFF}.Debug|x86.ActiveCfg = Debug|Any CPU
		{BA5DF6B6-378C-4880-9CC3-802F3B560EFF}.Debug|x86.Build.0 = Debug|Any CPU
		{BA5DF6B6-378C-4880-9CC3-802F3B560EFF}.Release|Any CPU.ActiveCfg = Release|Any CPU
		{BA5DF6B6-378C-4880-9CC3-802F3B560EFF}.Release|Any CPU.Build.0 = Release|Any CPU
		{BA5DF6B6-378C-4880-9CC3-802F3B560EFF}.Release|x64.ActiveCfg = Release|Any CPU
		{BA5DF6B6-378C-4880-9CC3-802F3B560EFF}.Release|x64.Build.0 = Release|Any CPU
		{BA5DF6B6-378C-4880-9CC3-802F3B560EFF}.Release|x86.ActiveCfg = Release|Any CPU
		{BA5DF6B6-378C-4880-9CC3-802F3B560EFF}.Release|x86.Build.0 = Release|Any CPU
		{B309F69E-87C4-43F3-9766-FCCDE6AC66A2}.Debug|Any CPU.ActiveCfg = Debug|Any CPU
		{B309F69E-87C4-43F3-9766-FCCDE6AC66A2}.Debug|Any CPU.Build.0 = Debug|Any CPU
		{B309F69E-87C4-43F3-9766-FCCDE6AC66A2}.Debug|x64.ActiveCfg = Debug|Any CPU
		{B309F69E-87C4-43F3-9766-FCCDE6AC66A2}.Debug|x64.Build.0 = Debug|Any CPU
		{B309F69E-87C4-43F3-9766-FCCDE6AC66A2}.Debug|x86.ActiveCfg = Debug|Any CPU
		{B309F69E-87C4-43F3-9766-FCCDE6AC66A2}.Debug|x86.Build.0 = Debug|Any CPU
		{B309F69E-87C4-43F3-9766-FCCDE6AC66A2}.Release|Any CPU.ActiveCfg = Release|Any CPU
		{B309F69E-87C4-43F3-9766-FCCDE6AC66A2}.Release|Any CPU.Build.0 = Release|Any CPU
		{B309F69E-87C4-43F3-9766-FCCDE6AC66A2}.Release|x64.ActiveCfg = Release|Any CPU
		{B309F69E-87C4-43F3-9766-FCCDE6AC66A2}.Release|x64.Build.0 = Release|Any CPU
		{B309F69E-87C4-43F3-9766-FCCDE6AC66A2}.Release|x86.ActiveCfg = Release|Any CPU
		{B309F69E-87C4-43F3-9766-FCCDE6AC66A2}.Release|x86.Build.0 = Release|Any CPU
		{32BB0F08-5A9D-4245-8721-2A3B12607270}.Debug|Any CPU.ActiveCfg = Debug|Any CPU
		{32BB0F08-5A9D-4245-8721-2A3B12607270}.Debug|Any CPU.Build.0 = Debug|Any CPU
		{32BB0F08-5A9D-4245-8721-2A3B12607270}.Debug|x64.ActiveCfg = Debug|Any CPU
		{32BB0F08-5A9D-4245-8721-2A3B12607270}.Debug|x64.Build.0 = Debug|Any CPU
		{32BB0F08-5A9D-4245-8721-2A3B12607270}.Debug|x86.ActiveCfg = Debug|Any CPU
		{32BB0F08-5A9D-4245-8721-2A3B12607270}.Debug|x86.Build.0 = Debug|Any CPU
		{32BB0F08-5A9D-4245-8721-2A3B12607270}.Release|Any CPU.ActiveCfg = Release|Any CPU
		{32BB0F08-5A9D-4245-8721-2A3B12607270}.Release|Any CPU.Build.0 = Release|Any CPU
		{32BB0F08-5A9D-4245-8721-2A3B12607270}.Release|x64.ActiveCfg = Release|Any CPU
		{32BB0F08-5A9D-4245-8721-2A3B12607270}.Release|x64.Build.0 = Release|Any CPU
		{32BB0F08-5A9D-4245-8721-2A3B12607270}.Release|x86.ActiveCfg = Release|Any CPU
		{32BB0F08-5A9D-4245-8721-2A3B12607270}.Release|x86.Build.0 = Release|Any CPU
		{B4D4721B-A599-4149-BD3A-822C277FC0FE}.Debug|Any CPU.ActiveCfg = Debug|Any CPU
		{B4D4721B-A599-4149-BD3A-822C277FC0FE}.Debug|Any CPU.Build.0 = Debug|Any CPU
		{B4D4721B-A599-4149-BD3A-822C277FC0FE}.Debug|x64.ActiveCfg = Debug|Any CPU
		{B4D4721B-A599-4149-BD3A-822C277FC0FE}.Debug|x64.Build.0 = Debug|Any CPU
		{B4D4721B-A599-4149-BD3A-822C277FC0FE}.Debug|x86.ActiveCfg = Debug|Any CPU
		{B4D4721B-A599-4149-BD3A-822C277FC0FE}.Debug|x86.Build.0 = Debug|Any CPU
		{B4D4721B-A599-4149-BD3A-822C277FC0FE}.Release|Any CPU.ActiveCfg = Release|Any CPU
		{B4D4721B-A599-4149-BD3A-822C277FC0FE}.Release|Any CPU.Build.0 = Release|Any CPU
		{B4D4721B-A599-4149-BD3A-822C277FC0FE}.Release|x64.ActiveCfg = Release|Any CPU
		{B4D4721B-A599-4149-BD3A-822C277FC0FE}.Release|x64.Build.0 = Release|Any CPU
		{B4D4721B-A599-4149-BD3A-822C277FC0FE}.Release|x86.ActiveCfg = Release|Any CPU
		{B4D4721B-A599-4149-BD3A-822C277FC0FE}.Release|x86.Build.0 = Release|Any CPU
		{A7058669-DC59-4FFA-9A04-143D9569F55D}.Debug|Any CPU.ActiveCfg = Debug|Any CPU
		{A7058669-DC59-4FFA-9A04-143D9569F55D}.Debug|Any CPU.Build.0 = Debug|Any CPU
		{A7058669-DC59-4FFA-9A04-143D9569F55D}.Debug|x64.ActiveCfg = Debug|Any CPU
		{A7058669-DC59-4FFA-9A04-143D9569F55D}.Debug|x64.Build.0 = Debug|Any CPU
		{A7058669-DC59-4FFA-9A04-143D9569F55D}.Debug|x86.ActiveCfg = Debug|Any CPU
		{A7058669-DC59-4FFA-9A04-143D9569F55D}.Debug|x86.Build.0 = Debug|Any CPU
		{A7058669-DC59-4FFA-9A04-143D9569F55D}.Release|Any CPU.ActiveCfg = Release|Any CPU
		{A7058669-DC59-4FFA-9A04-143D9569F55D}.Release|Any CPU.Build.0 = Release|Any CPU
		{A7058669-DC59-4FFA-9A04-143D9569F55D}.Release|x64.ActiveCfg = Release|Any CPU
		{A7058669-DC59-4FFA-9A04-143D9569F55D}.Release|x64.Build.0 = Release|Any CPU
		{A7058669-DC59-4FFA-9A04-143D9569F55D}.Release|x86.ActiveCfg = Release|Any CPU
		{A7058669-DC59-4FFA-9A04-143D9569F55D}.Release|x86.Build.0 = Release|Any CPU
		{F6CB0C45-09D5-4178-AEA6-F113E24FEEC5}.Debug|Any CPU.ActiveCfg = Debug|Any CPU
		{F6CB0C45-09D5-4178-AEA6-F113E24FEEC5}.Debug|Any CPU.Build.0 = Debug|Any CPU
		{F6CB0C45-09D5-4178-AEA6-F113E24FEEC5}.Debug|x64.ActiveCfg = Debug|Any CPU
		{F6CB0C45-09D5-4178-AEA6-F113E24FEEC5}.Debug|x64.Build.0 = Debug|Any CPU
		{F6CB0C45-09D5-4178-AEA6-F113E24FEEC5}.Debug|x86.ActiveCfg = Debug|Any CPU
		{F6CB0C45-09D5-4178-AEA6-F113E24FEEC5}.Debug|x86.Build.0 = Debug|Any CPU
		{F6CB0C45-09D5-4178-AEA6-F113E24FEEC5}.Release|Any CPU.ActiveCfg = Release|Any CPU
		{F6CB0C45-09D5-4178-AEA6-F113E24FEEC5}.Release|Any CPU.Build.0 = Release|Any CPU
		{F6CB0C45-09D5-4178-AEA6-F113E24FEEC5}.Release|x64.ActiveCfg = Release|Any CPU
		{F6CB0C45-09D5-4178-AEA6-F113E24FEEC5}.Release|x64.Build.0 = Release|Any CPU
		{F6CB0C45-09D5-4178-AEA6-F113E24FEEC5}.Release|x86.ActiveCfg = Release|Any CPU
		{F6CB0C45-09D5-4178-AEA6-F113E24FEEC5}.Release|x86.Build.0 = Release|Any CPU
		{72F07BEF-4379-4FD9-8CBA-CFB01D004718}.Debug|Any CPU.ActiveCfg = Debug|Any CPU
		{72F07BEF-4379-4FD9-8CBA-CFB01D004718}.Debug|Any CPU.Build.0 = Debug|Any CPU
		{72F07BEF-4379-4FD9-8CBA-CFB01D004718}.Debug|x64.ActiveCfg = Debug|Any CPU
		{72F07BEF-4379-4FD9-8CBA-CFB01D004718}.Debug|x64.Build.0 = Debug|Any CPU
		{72F07BEF-4379-4FD9-8CBA-CFB01D004718}.Debug|x86.ActiveCfg = Debug|Any CPU
		{72F07BEF-4379-4FD9-8CBA-CFB01D004718}.Debug|x86.Build.0 = Debug|Any CPU
		{72F07BEF-4379-4FD9-8CBA-CFB01D004718}.Release|Any CPU.ActiveCfg = Release|Any CPU
		{72F07BEF-4379-4FD9-8CBA-CFB01D004718}.Release|Any CPU.Build.0 = Release|Any CPU
		{72F07BEF-4379-4FD9-8CBA-CFB01D004718}.Release|x64.ActiveCfg = Release|Any CPU
		{72F07BEF-4379-4FD9-8CBA-CFB01D004718}.Release|x64.Build.0 = Release|Any CPU
		{72F07BEF-4379-4FD9-8CBA-CFB01D004718}.Release|x86.ActiveCfg = Release|Any CPU
		{72F07BEF-4379-4FD9-8CBA-CFB01D004718}.Release|x86.Build.0 = Release|Any CPU
		{AF8ED740-D77D-4080-9952-59232C57767C}.Debug|Any CPU.ActiveCfg = Debug|Any CPU
		{AF8ED740-D77D-4080-9952-59232C57767C}.Debug|Any CPU.Build.0 = Debug|Any CPU
		{AF8ED740-D77D-4080-9952-59232C57767C}.Debug|x64.ActiveCfg = Debug|Any CPU
		{AF8ED740-D77D-4080-9952-59232C57767C}.Debug|x64.Build.0 = Debug|Any CPU
		{AF8ED740-D77D-4080-9952-59232C57767C}.Debug|x86.ActiveCfg = Debug|Any CPU
		{AF8ED740-D77D-4080-9952-59232C57767C}.Debug|x86.Build.0 = Debug|Any CPU
		{AF8ED740-D77D-4080-9952-59232C57767C}.Release|Any CPU.ActiveCfg = Release|Any CPU
		{AF8ED740-D77D-4080-9952-59232C57767C}.Release|Any CPU.Build.0 = Release|Any CPU
		{AF8ED740-D77D-4080-9952-59232C57767C}.Release|x64.ActiveCfg = Release|Any CPU
		{AF8ED740-D77D-4080-9952-59232C57767C}.Release|x64.Build.0 = Release|Any CPU
		{AF8ED740-D77D-4080-9952-59232C57767C}.Release|x86.ActiveCfg = Release|Any CPU
		{AF8ED740-D77D-4080-9952-59232C57767C}.Release|x86.Build.0 = Release|Any CPU
		{6661A967-81D7-4236-99BC-AD42F71B6C1F}.Debug|Any CPU.ActiveCfg = Debug|Any CPU
		{6661A967-81D7-4236-99BC-AD42F71B6C1F}.Debug|Any CPU.Build.0 = Debug|Any CPU
		{6661A967-81D7-4236-99BC-AD42F71B6C1F}.Debug|x64.ActiveCfg = Debug|Any CPU
		{6661A967-81D7-4236-99BC-AD42F71B6C1F}.Debug|x64.Build.0 = Debug|Any CPU
		{6661A967-81D7-4236-99BC-AD42F71B6C1F}.Debug|x86.ActiveCfg = Debug|Any CPU
		{6661A967-81D7-4236-99BC-AD42F71B6C1F}.Debug|x86.Build.0 = Debug|Any CPU
		{6661A967-81D7-4236-99BC-AD42F71B6C1F}.Release|Any CPU.ActiveCfg = Release|Any CPU
		{6661A967-81D7-4236-99BC-AD42F71B6C1F}.Release|Any CPU.Build.0 = Release|Any CPU
		{6661A967-81D7-4236-99BC-AD42F71B6C1F}.Release|x64.ActiveCfg = Release|Any CPU
		{6661A967-81D7-4236-99BC-AD42F71B6C1F}.Release|x64.Build.0 = Release|Any CPU
		{6661A967-81D7-4236-99BC-AD42F71B6C1F}.Release|x86.ActiveCfg = Release|Any CPU
		{6661A967-81D7-4236-99BC-AD42F71B6C1F}.Release|x86.Build.0 = Release|Any CPU
		{8CE4D269-B685-438C-AA1B-48D3E73C60DB}.Debug|Any CPU.ActiveCfg = Debug|Any CPU
		{8CE4D269-B685-438C-AA1B-48D3E73C60DB}.Debug|Any CPU.Build.0 = Debug|Any CPU
		{8CE4D269-B685-438C-AA1B-48D3E73C60DB}.Debug|x64.ActiveCfg = Debug|Any CPU
		{8CE4D269-B685-438C-AA1B-48D3E73C60DB}.Debug|x64.Build.0 = Debug|Any CPU
		{8CE4D269-B685-438C-AA1B-48D3E73C60DB}.Debug|x86.ActiveCfg = Debug|Any CPU
		{8CE4D269-B685-438C-AA1B-48D3E73C60DB}.Debug|x86.Build.0 = Debug|Any CPU
		{8CE4D269-B685-438C-AA1B-48D3E73C60DB}.Release|Any CPU.ActiveCfg = Release|Any CPU
		{8CE4D269-B685-438C-AA1B-48D3E73C60DB}.Release|Any CPU.Build.0 = Release|Any CPU
		{8CE4D269-B685-438C-AA1B-48D3E73C60DB}.Release|x64.ActiveCfg = Release|Any CPU
		{8CE4D269-B685-438C-AA1B-48D3E73C60DB}.Release|x64.Build.0 = Release|Any CPU
		{8CE4D269-B685-438C-AA1B-48D3E73C60DB}.Release|x86.ActiveCfg = Release|Any CPU
		{8CE4D269-B685-438C-AA1B-48D3E73C60DB}.Release|x86.Build.0 = Release|Any CPU
	EndGlobalSection
	GlobalSection(SolutionProperties) = preSolution
		HideSolutionNode = FALSE
	EndGlobalSection
	GlobalSection(NestedProjects) = preSolution
		{3D165617-8A90-4BEB-B951-6168EDDA232D} = {1ABB8B79-9BF2-4C51-A920-9C17BF11273F}
		{91B55080-5E1C-467A-AE19-EE4433BA6601} = {1ABB8B79-9BF2-4C51-A920-9C17BF11273F}
		{A23ED3D6-6A1A-457C-A55A-21BCDC886A47} = {1ABB8B79-9BF2-4C51-A920-9C17BF11273F}
		{F17CB314-8CC5-4343-AAE8-7292B700E5BA} = {1ABB8B79-9BF2-4C51-A920-9C17BF11273F}
		{BA5DF6B6-378C-4880-9CC3-802F3B560EFF} = {1ABB8B79-9BF2-4C51-A920-9C17BF11273F}
		{B309F69E-87C4-43F3-9766-FCCDE6AC66A2} = {1ABB8B79-9BF2-4C51-A920-9C17BF11273F}
		{32BB0F08-5A9D-4245-8721-2A3B12607270} = {1ABB8B79-9BF2-4C51-A920-9C17BF11273F}
		{B4D4721B-A599-4149-BD3A-822C277FC0FE} = {1ABB8B79-9BF2-4C51-A920-9C17BF11273F}
		{A7058669-DC59-4FFA-9A04-143D9569F55D} = {1ABB8B79-9BF2-4C51-A920-9C17BF11273F}
		{F6CB0C45-09D5-4178-AEA6-F113E24FEEC5} = {1ABB8B79-9BF2-4C51-A920-9C17BF11273F}
		{72F07BEF-4379-4FD9-8CBA-CFB01D004718} = {1ABB8B79-9BF2-4C51-A920-9C17BF11273F}
		{AF8ED740-D77D-4080-9952-59232C57767C} = {1ABB8B79-9BF2-4C51-A920-9C17BF11273F}
		{8CE4D269-B685-438C-AA1B-48D3E73C60DB} = {1ABB8B79-9BF2-4C51-A920-9C17BF11273F}
	EndGlobalSection
	GlobalSection(ExtensibilityGlobals) = postSolution
		SolutionGuid = {ACEEC9A9-FE4F-43DD-918D-443A19399CE1}
	EndGlobalSection
EndGlobal
