
Microsoft Visual Studio Solution File, Format Version 12.00
# Visual Studio 14
VisualStudioVersion = 14.0.22310.1
MinimumVisualStudioVersion = 10.0.40219.1
Project("{FAE04EC0-301F-11D3-BF4B-00C04F79EFBC}") = "LanguageExt.Core", "LanguageExt.Core\LanguageExt.Core.csproj", "{C0FA07A0-8B83-4FA5-ACFB-14185D5C4484}"
EndProject
Project("{FAE04EC0-301F-11D3-BF4B-00C04F79EFBC}") = "LanguageExt.Tests", "LanguageExt.Tests\LanguageExt.Tests.csproj", "{95AFE589-C43E-46B8-998A-C4D758324FE8}"
EndProject
Project("{2150E333-8FDC-42A3-9474-1A3956D46DE8}") = "Samples", "Samples", "{5A86E073-701B-48DE-9F51-E69CB474D216}"
EndProject
Project("{FAE04EC0-301F-11D3-BF4B-00C04F79EFBC}") = "OptionEitherConfigSample", "OptionEitherConfigSample\OptionEitherConfigSample.csproj", "{6C53C5E3-1C60-4391-BE26-6BE39A7B3165}"
EndProject
Global
	GlobalSection(SolutionConfigurationPlatforms) = preSolution
		Debug|Any CPU = Debug|Any CPU
		Release|Any CPU = Release|Any CPU
	EndGlobalSection
	GlobalSection(ProjectConfigurationPlatforms) = postSolution
		{C0FA07A0-8B83-4FA5-ACFB-14185D5C4484}.Debug|Any CPU.ActiveCfg = Debug|Any CPU
		{C0FA07A0-8B83-4FA5-ACFB-14185D5C4484}.Debug|Any CPU.Build.0 = Debug|Any CPU
		{C0FA07A0-8B83-4FA5-ACFB-14185D5C4484}.Release|Any CPU.ActiveCfg = Release|Any CPU
		{C0FA07A0-8B83-4FA5-ACFB-14185D5C4484}.Release|Any CPU.Build.0 = Release|Any CPU
		{95AFE589-C43E-46B8-998A-C4D758324FE8}.Debug|Any CPU.ActiveCfg = Debug|Any CPU
		{95AFE589-C43E-46B8-998A-C4D758324FE8}.Debug|Any CPU.Build.0 = Debug|Any CPU
		{95AFE589-C43E-46B8-998A-C4D758324FE8}.Release|Any CPU.ActiveCfg = Release|Any CPU
		{95AFE589-C43E-46B8-998A-C4D758324FE8}.Release|Any CPU.Build.0 = Release|Any CPU
		{6C53C5E3-1C60-4391-BE26-6BE39A7B3165}.Debug|Any CPU.ActiveCfg = Debug|Any CPU
		{6C53C5E3-1C60-4391-BE26-6BE39A7B3165}.Debug|Any CPU.Build.0 = Debug|Any CPU
		{6C53C5E3-1C60-4391-BE26-6BE39A7B3165}.Release|Any CPU.ActiveCfg = Release|Any CPU
		{6C53C5E3-1C60-4391-BE26-6BE39A7B3165}.Release|Any CPU.Build.0 = Release|Any CPU
	EndGlobalSection
	GlobalSection(SolutionProperties) = preSolution
		HideSolutionNode = FALSE
	EndGlobalSection
	GlobalSection(NestedProjects) = preSolution
		{6C53C5E3-1C60-4391-BE26-6BE39A7B3165} = {5A86E073-701B-48DE-9F51-E69CB474D216}
	EndGlobalSection
EndGlobal
