
Microsoft Visual Studio Solution File, Format Version 12.00
# Visual Studio 14
VisualStudioVersion = 14.0.23107.0
MinimumVisualStudioVersion = 10.0.40219.1
Project("{FAE04EC0-301F-11D3-BF4B-00C04F79EFBC}") = "LanguageExt.Core", "LanguageExt.Core\LanguageExt.Core.csproj", "{C0FA07A0-8B83-4FA5-ACFB-14185D5C4484}"
EndProject
Project("{FAE04EC0-301F-11D3-BF4B-00C04F79EFBC}") = "LanguageExt.Tests", "LanguageExt.Tests\LanguageExt.Tests.csproj", "{95AFE589-C43E-46B8-998A-C4D758324FE8}"
EndProject
Project("{2150E333-8FDC-42A3-9474-1A3956D46DE8}") = "Samples", "Samples", "{EA06DAAF-DF38-448C-B611-6B02B8721E32}"
EndProject
Project("{2150E333-8FDC-42A3-9474-1A3956D46DE8}") = "ConfigSample", "ConfigSample", "{ECEFA3BA-3FB0-47B7-88DC-BAD58A585CE8}"
EndProject
Project("{FAE04EC0-301F-11D3-BF4B-00C04F79EFBC}") = "ConfigSample", "Samples\ConfigSample\ConfigSample.csproj", "{A7EE05DA-2BA4-4435-8452-BD10D2E3641D}"
EndProject
Project("{FAE04EC0-301F-11D3-BF4B-00C04F79EFBC}") = "LanguageExt.Process", "LanguageExt.Process\LanguageExt.Process.csproj", "{D1AB41C6-8B45-4E01-8400-97D2779034DF}"
EndProject
Project("{2150E333-8FDC-42A3-9474-1A3956D46DE8}") = "PingPongSample", "PingPongSample", "{32EA6A24-3B1C-4D58-9D0A-A270BDA21C72}"
EndProject
Project("{FAE04EC0-301F-11D3-BF4B-00C04F79EFBC}") = "ProcessSample", "Samples\ProcessSample\ProcessSample.csproj", "{9F322287-FF91-4DC8-9467-DF300091042B}"
	ProjectSection(ProjectDependencies) = postProject
		{37539A2D-B235-47D1-BC06-89C2E068C9F8} = {37539A2D-B235-47D1-BC06-89C2E068C9F8}
		{DC05F334-346B-41BC-BEA5-BFBE24E52B5F} = {DC05F334-346B-41BC-BEA5-BFBE24E52B5F}
		{5D8BB155-2E39-4A63-8100-2004CBCF529E} = {5D8BB155-2E39-4A63-8100-2004CBCF529E}
		{D663DE72-70D5-496E-BCE8-613BB0F266CC} = {D663DE72-70D5-496E-BCE8-613BB0F266CC}
		{D208187F-ADF0-4F22-BDAA-33AB92F0E88D} = {D208187F-ADF0-4F22-BDAA-33AB92F0E88D}
	EndProjectSection
EndProject
Project("{FAE04EC0-301F-11D3-BF4B-00C04F79EFBC}") = "LanguageExt.FSharp", "LanguageExt.FSharp\LanguageExt.FSharp.csproj", "{5D8BB155-2E39-4A63-8100-2004CBCF529E}"
EndProject
Project("{FAE04EC0-301F-11D3-BF4B-00C04F79EFBC}") = "LanguageExt.Process.Redis", "LanguageExt.Process.Redis\LanguageExt.Process.Redis.csproj", "{DC05F334-346B-41BC-BEA5-BFBE24E52B5F}"
	ProjectSection(ProjectDependencies) = postProject
		{D1AB41C6-8B45-4E01-8400-97D2779034DF} = {D1AB41C6-8B45-4E01-8400-97D2779034DF}
	EndProjectSection
EndProject
Project("{FAE04EC0-301F-11D3-BF4B-00C04F79EFBC}") = "RedisPublishSample", "Samples\RedisProcessSample\RedisPublishSample.csproj", "{2C45A7CE-37A6-40EB-A88C-527AE8C7E6DE}"
	ProjectSection(ProjectDependencies) = postProject
		{5D8BB155-2E39-4A63-8100-2004CBCF529E} = {5D8BB155-2E39-4A63-8100-2004CBCF529E}
		{D208187F-ADF0-4F22-BDAA-33AB92F0E88D} = {D208187F-ADF0-4F22-BDAA-33AB92F0E88D}
	EndProjectSection
EndProject
Project("{2150E333-8FDC-42A3-9474-1A3956D46DE8}") = "Redis", "Redis", "{E27B6C07-3673-4346-B4CF-D0664027BFB6}"
EndProject
Project("{FAE04EC0-301F-11D3-BF4B-00C04F79EFBC}") = "RedisStateSample", "Samples\RedisStateSample\RedisStateSample.csproj", "{D205CD19-628D-4F60-8B63-B9AB5F0A55B9}"
	ProjectSection(ProjectDependencies) = postProject
		{5D8BB155-2E39-4A63-8100-2004CBCF529E} = {5D8BB155-2E39-4A63-8100-2004CBCF529E}
		{D208187F-ADF0-4F22-BDAA-33AB92F0E88D} = {D208187F-ADF0-4F22-BDAA-33AB92F0E88D}
	EndProjectSection
EndProject
Project("{FAE04EC0-301F-11D3-BF4B-00C04F79EFBC}") = "RedisInboxSample", "Samples\RedisInboxSample\RedisInboxSample.csproj", "{7AC24676-95EF-48B1-B90F-8A62BB371655}"
	ProjectSection(ProjectDependencies) = postProject
		{5D8BB155-2E39-4A63-8100-2004CBCF529E} = {5D8BB155-2E39-4A63-8100-2004CBCF529E}
		{D208187F-ADF0-4F22-BDAA-33AB92F0E88D} = {D208187F-ADF0-4F22-BDAA-33AB92F0E88D}
	EndProjectSection
EndProject
Project("{F2A71F9B-5D33-465A-A702-920D77279786}") = "LanguageExt.Process.FSharp", "LanguageExt.Process.FSharp\LanguageExt.Process.FSharp.fsproj", "{D208187F-ADF0-4F22-BDAA-33AB92F0E88D}"
EndProject
Project("{FAE04EC0-301F-11D3-BF4B-00C04F79EFBC}") = "LanguageExt.ProcessJS", "LanguageExt.ProcessJS\LanguageExt.ProcessJS.csproj", "{D663DE72-70D5-496E-BCE8-613BB0F266CC}"
EndProject
Project("{FAE04EC0-301F-11D3-BF4B-00C04F79EFBC}") = "LanguageExt.ProcessJS.Tests", "LanguageExt.ProcessJS.Tests\LanguageExt.ProcessJS.Tests.csproj", "{37539A2D-B235-47D1-BC06-89C2E068C9F8}"
EndProject
Global
	GlobalSection(SolutionConfigurationPlatforms) = preSolution
		Debug|Any CPU = Debug|Any CPU
		Release|Any CPU = Release|Any CPU
	EndGlobalSection
	GlobalSection(ProjectConfigurationPlatforms) = postSolution
		{C0FA07A0-8B83-4FA5-ACFB-14185D5C4484}.Debug|Any CPU.ActiveCfg = Debug|Any CPU
		{C0FA07A0-8B83-4FA5-ACFB-14185D5C4484}.Debug|Any CPU.Build.0 = Debug|Any CPU
		{C0FA07A0-8B83-4FA5-ACFB-14185D5C4484}.Release|Any CPU.ActiveCfg = Release|Any CPU
		{C0FA07A0-8B83-4FA5-ACFB-14185D5C4484}.Release|Any CPU.Build.0 = Release|Any CPU
		{95AFE589-C43E-46B8-998A-C4D758324FE8}.Debug|Any CPU.ActiveCfg = Debug|Any CPU
		{95AFE589-C43E-46B8-998A-C4D758324FE8}.Debug|Any CPU.Build.0 = Debug|Any CPU
		{95AFE589-C43E-46B8-998A-C4D758324FE8}.Release|Any CPU.ActiveCfg = Release|Any CPU
		{95AFE589-C43E-46B8-998A-C4D758324FE8}.Release|Any CPU.Build.0 = Release|Any CPU
		{A7EE05DA-2BA4-4435-8452-BD10D2E3641D}.Debug|Any CPU.ActiveCfg = Debug|Any CPU
		{A7EE05DA-2BA4-4435-8452-BD10D2E3641D}.Debug|Any CPU.Build.0 = Debug|Any CPU
		{A7EE05DA-2BA4-4435-8452-BD10D2E3641D}.Release|Any CPU.ActiveCfg = Release|Any CPU
		{A7EE05DA-2BA4-4435-8452-BD10D2E3641D}.Release|Any CPU.Build.0 = Release|Any CPU
		{D1AB41C6-8B45-4E01-8400-97D2779034DF}.Debug|Any CPU.ActiveCfg = Debug|Any CPU
		{D1AB41C6-8B45-4E01-8400-97D2779034DF}.Debug|Any CPU.Build.0 = Debug|Any CPU
		{D1AB41C6-8B45-4E01-8400-97D2779034DF}.Release|Any CPU.ActiveCfg = Release|Any CPU
		{D1AB41C6-8B45-4E01-8400-97D2779034DF}.Release|Any CPU.Build.0 = Release|Any CPU
		{9F322287-FF91-4DC8-9467-DF300091042B}.Debug|Any CPU.ActiveCfg = Debug|Any CPU
		{9F322287-FF91-4DC8-9467-DF300091042B}.Debug|Any CPU.Build.0 = Debug|Any CPU
		{9F322287-FF91-4DC8-9467-DF300091042B}.Release|Any CPU.ActiveCfg = Release|Any CPU
		{9F322287-FF91-4DC8-9467-DF300091042B}.Release|Any CPU.Build.0 = Release|Any CPU
		{5D8BB155-2E39-4A63-8100-2004CBCF529E}.Debug|Any CPU.ActiveCfg = Debug|Any CPU
		{5D8BB155-2E39-4A63-8100-2004CBCF529E}.Debug|Any CPU.Build.0 = Debug|Any CPU
		{5D8BB155-2E39-4A63-8100-2004CBCF529E}.Release|Any CPU.ActiveCfg = Release|Any CPU
		{5D8BB155-2E39-4A63-8100-2004CBCF529E}.Release|Any CPU.Build.0 = Release|Any CPU
		{DC05F334-346B-41BC-BEA5-BFBE24E52B5F}.Debug|Any CPU.ActiveCfg = Debug|Any CPU
		{DC05F334-346B-41BC-BEA5-BFBE24E52B5F}.Debug|Any CPU.Build.0 = Debug|Any CPU
		{DC05F334-346B-41BC-BEA5-BFBE24E52B5F}.Release|Any CPU.ActiveCfg = Release|Any CPU
		{DC05F334-346B-41BC-BEA5-BFBE24E52B5F}.Release|Any CPU.Build.0 = Release|Any CPU
		{2C45A7CE-37A6-40EB-A88C-527AE8C7E6DE}.Debug|Any CPU.ActiveCfg = Debug|Any CPU
		{2C45A7CE-37A6-40EB-A88C-527AE8C7E6DE}.Debug|Any CPU.Build.0 = Debug|Any CPU
		{2C45A7CE-37A6-40EB-A88C-527AE8C7E6DE}.Release|Any CPU.ActiveCfg = Release|Any CPU
		{2C45A7CE-37A6-40EB-A88C-527AE8C7E6DE}.Release|Any CPU.Build.0 = Release|Any CPU
		{D205CD19-628D-4F60-8B63-B9AB5F0A55B9}.Debug|Any CPU.ActiveCfg = Debug|Any CPU
		{D205CD19-628D-4F60-8B63-B9AB5F0A55B9}.Debug|Any CPU.Build.0 = Debug|Any CPU
		{D205CD19-628D-4F60-8B63-B9AB5F0A55B9}.Release|Any CPU.ActiveCfg = Release|Any CPU
		{D205CD19-628D-4F60-8B63-B9AB5F0A55B9}.Release|Any CPU.Build.0 = Release|Any CPU
		{7AC24676-95EF-48B1-B90F-8A62BB371655}.Debug|Any CPU.ActiveCfg = Debug|Any CPU
		{7AC24676-95EF-48B1-B90F-8A62BB371655}.Debug|Any CPU.Build.0 = Debug|Any CPU
		{7AC24676-95EF-48B1-B90F-8A62BB371655}.Release|Any CPU.ActiveCfg = Release|Any CPU
		{7AC24676-95EF-48B1-B90F-8A62BB371655}.Release|Any CPU.Build.0 = Release|Any CPU
		{D208187F-ADF0-4F22-BDAA-33AB92F0E88D}.Debug|Any CPU.ActiveCfg = Debug|Any CPU
		{D208187F-ADF0-4F22-BDAA-33AB92F0E88D}.Debug|Any CPU.Build.0 = Debug|Any CPU
		{D208187F-ADF0-4F22-BDAA-33AB92F0E88D}.Release|Any CPU.ActiveCfg = Release|Any CPU
		{D208187F-ADF0-4F22-BDAA-33AB92F0E88D}.Release|Any CPU.Build.0 = Release|Any CPU
		{D663DE72-70D5-496E-BCE8-613BB0F266CC}.Debug|Any CPU.ActiveCfg = Debug|Any CPU
		{D663DE72-70D5-496E-BCE8-613BB0F266CC}.Debug|Any CPU.Build.0 = Debug|Any CPU
		{D663DE72-70D5-496E-BCE8-613BB0F266CC}.Release|Any CPU.ActiveCfg = Release|Any CPU
		{D663DE72-70D5-496E-BCE8-613BB0F266CC}.Release|Any CPU.Build.0 = Release|Any CPU
		{37539A2D-B235-47D1-BC06-89C2E068C9F8}.Debug|Any CPU.ActiveCfg = Debug|Any CPU
		{37539A2D-B235-47D1-BC06-89C2E068C9F8}.Debug|Any CPU.Build.0 = Debug|Any CPU
		{37539A2D-B235-47D1-BC06-89C2E068C9F8}.Release|Any CPU.ActiveCfg = Release|Any CPU
		{37539A2D-B235-47D1-BC06-89C2E068C9F8}.Release|Any CPU.Build.0 = Release|Any CPU
	EndGlobalSection
	GlobalSection(SolutionProperties) = preSolution
		HideSolutionNode = FALSE
	EndGlobalSection
	GlobalSection(NestedProjects) = preSolution
		{ECEFA3BA-3FB0-47B7-88DC-BAD58A585CE8} = {EA06DAAF-DF38-448C-B611-6B02B8721E32}
		{A7EE05DA-2BA4-4435-8452-BD10D2E3641D} = {ECEFA3BA-3FB0-47B7-88DC-BAD58A585CE8}
		{32EA6A24-3B1C-4D58-9D0A-A270BDA21C72} = {EA06DAAF-DF38-448C-B611-6B02B8721E32}
		{9F322287-FF91-4DC8-9467-DF300091042B} = {32EA6A24-3B1C-4D58-9D0A-A270BDA21C72}
		{2C45A7CE-37A6-40EB-A88C-527AE8C7E6DE} = {E27B6C07-3673-4346-B4CF-D0664027BFB6}
		{E27B6C07-3673-4346-B4CF-D0664027BFB6} = {EA06DAAF-DF38-448C-B611-6B02B8721E32}
		{D205CD19-628D-4F60-8B63-B9AB5F0A55B9} = {E27B6C07-3673-4346-B4CF-D0664027BFB6}
		{7AC24676-95EF-48B1-B90F-8A62BB371655} = {E27B6C07-3673-4346-B4CF-D0664027BFB6}
	EndGlobalSection
EndGlobal
