
Microsoft Visual Studio Solution File, Format Version 12.00
# Visual Studio Version 16
VisualStudioVersion = 16.0.28803.156
MinimumVisualStudioVersion = 10.0.40219.1
Project("{9A19103F-16F7-4668-BE54-9A1E7A4F7556}") = "LanguageExt.Core", "LanguageExt.Core\LanguageExt.Core.csproj", "{4537B8A8-6CA4-4DCB-B30E-7CADD29A324F}"
EndProject
Project("{9A19103F-16F7-4668-BE54-9A1E7A4F7556}") = "LanguageExt.FSharp", "LanguageExt.FSharp\LanguageExt.FSharp.csproj", "{F7218BC7-BB70-48D7-8D43-0006E880F5BA}"
EndProject
Project("{9A19103F-16F7-4668-BE54-9A1E7A4F7556}") = "LanguageExt.Parsec", "LanguageExt.Parsec\LanguageExt.Parsec.csproj", "{29E65953-E2D9-4C9F-82FE-DEF50BBA4A48}"
EndProject
Project("{2150E333-8FDC-42A3-9474-1A3956D46DE8}") = "Samples", "Samples", "{1ABB8B79-9BF2-4C51-A920-9C17BF11273F}"
EndProject
Project("{9A19103F-16F7-4668-BE54-9A1E7A4F7556}") = "TestBed", "Samples\TestBed\TestBed.csproj", "{3D165617-8A90-4BEB-B951-6168EDDA232D}"
EndProject
Project("{9A19103F-16F7-4668-BE54-9A1E7A4F7556}") = "LanguageExt.Tests", "LanguageExt.Tests\LanguageExt.Tests.csproj", "{E882F67B-24EC-444B-B748-EE9BEFF904E2}"
EndProject
Project("{FAE04EC0-301F-11D3-BF4B-00C04F79EFBC}") = "Records", "Samples\Records\Records.csproj", "{C9F80831-9E6B-487E-8875-68F77055BA40}"
EndProject
Project("{9A19103F-16F7-4668-BE54-9A1E7A4F7556}") = "RecordsNetCore", "Samples\RecordsNetCore\RecordsNetCore.csproj", "{91B55080-5E1C-467A-AE19-EE4433BA6601}"
EndProject
Project("{9A19103F-16F7-4668-BE54-9A1E7A4F7556}") = "LanguageExt.Rx", "LanguageExt.Rx\LanguageExt.Rx.csproj", "{A191CF80-FC53-4142-9769-CF949F3277B9}"
EndProject
Project("{9A19103F-16F7-4668-BE54-9A1E7A4F7556}") = "LanguageExt.CodeGen", "LanguageExt.CodeGen\LanguageExt.CodeGen.csproj", "{D36A9A47-5820-4B6B-97EF-3AA1341A6E72}"
EndProject
Global
	GlobalSection(SolutionConfigurationPlatforms) = preSolution
		Debug|Any CPU = Debug|Any CPU
		Debug|x64 = Debug|x64
		Debug|x86 = Debug|x86
		Release|Any CPU = Release|Any CPU
		Release|x64 = Release|x64
		Release|x86 = Release|x86
	EndGlobalSection
	GlobalSection(ProjectConfigurationPlatforms) = postSolution
		{4537B8A8-6CA4-4DCB-B30E-7CADD29A324F}.Debug|Any CPU.ActiveCfg = Debug|Any CPU
		{4537B8A8-6CA4-4DCB-B30E-7CADD29A324F}.Debug|Any CPU.Build.0 = Debug|Any CPU
		{4537B8A8-6CA4-4DCB-B30E-7CADD29A324F}.Debug|x64.ActiveCfg = Debug|Any CPU
		{4537B8A8-6CA4-4DCB-B30E-7CADD29A324F}.Debug|x64.Build.0 = Debug|Any CPU
		{4537B8A8-6CA4-4DCB-B30E-7CADD29A324F}.Debug|x86.ActiveCfg = Debug|Any CPU
		{4537B8A8-6CA4-4DCB-B30E-7CADD29A324F}.Debug|x86.Build.0 = Debug|Any CPU
		{4537B8A8-6CA4-4DCB-B30E-7CADD29A324F}.Release|Any CPU.ActiveCfg = Release|Any CPU
		{4537B8A8-6CA4-4DCB-B30E-7CADD29A324F}.Release|Any CPU.Build.0 = Release|Any CPU
		{4537B8A8-6CA4-4DCB-B30E-7CADD29A324F}.Release|x64.ActiveCfg = Release|Any CPU
		{4537B8A8-6CA4-4DCB-B30E-7CADD29A324F}.Release|x64.Build.0 = Release|Any CPU
		{4537B8A8-6CA4-4DCB-B30E-7CADD29A324F}.Release|x86.ActiveCfg = Release|Any CPU
		{4537B8A8-6CA4-4DCB-B30E-7CADD29A324F}.Release|x86.Build.0 = Release|Any CPU
		{F7218BC7-BB70-48D7-8D43-0006E880F5BA}.Debug|Any CPU.ActiveCfg = Debug|Any CPU
		{F7218BC7-BB70-48D7-8D43-0006E880F5BA}.Debug|Any CPU.Build.0 = Debug|Any CPU
		{F7218BC7-BB70-48D7-8D43-0006E880F5BA}.Debug|x64.ActiveCfg = Debug|Any CPU
		{F7218BC7-BB70-48D7-8D43-0006E880F5BA}.Debug|x64.Build.0 = Debug|Any CPU
		{F7218BC7-BB70-48D7-8D43-0006E880F5BA}.Debug|x86.ActiveCfg = Debug|Any CPU
		{F7218BC7-BB70-48D7-8D43-0006E880F5BA}.Debug|x86.Build.0 = Debug|Any CPU
		{F7218BC7-BB70-48D7-8D43-0006E880F5BA}.Release|Any CPU.ActiveCfg = Release|Any CPU
		{F7218BC7-BB70-48D7-8D43-0006E880F5BA}.Release|Any CPU.Build.0 = Release|Any CPU
		{F7218BC7-BB70-48D7-8D43-0006E880F5BA}.Release|x64.ActiveCfg = Release|Any CPU
		{F7218BC7-BB70-48D7-8D43-0006E880F5BA}.Release|x64.Build.0 = Release|Any CPU
		{F7218BC7-BB70-48D7-8D43-0006E880F5BA}.Release|x86.ActiveCfg = Release|Any CPU
		{F7218BC7-BB70-48D7-8D43-0006E880F5BA}.Release|x86.Build.0 = Release|Any CPU
		{29E65953-E2D9-4C9F-82FE-DEF50BBA4A48}.Debug|Any CPU.ActiveCfg = Debug|Any CPU
		{29E65953-E2D9-4C9F-82FE-DEF50BBA4A48}.Debug|Any CPU.Build.0 = Debug|Any CPU
		{29E65953-E2D9-4C9F-82FE-DEF50BBA4A48}.Debug|x64.ActiveCfg = Debug|Any CPU
		{29E65953-E2D9-4C9F-82FE-DEF50BBA4A48}.Debug|x64.Build.0 = Debug|Any CPU
		{29E65953-E2D9-4C9F-82FE-DEF50BBA4A48}.Debug|x86.ActiveCfg = Debug|Any CPU
		{29E65953-E2D9-4C9F-82FE-DEF50BBA4A48}.Debug|x86.Build.0 = Debug|Any CPU
		{29E65953-E2D9-4C9F-82FE-DEF50BBA4A48}.Release|Any CPU.ActiveCfg = Release|Any CPU
		{29E65953-E2D9-4C9F-82FE-DEF50BBA4A48}.Release|Any CPU.Build.0 = Release|Any CPU
		{29E65953-E2D9-4C9F-82FE-DEF50BBA4A48}.Release|x64.ActiveCfg = Release|Any CPU
		{29E65953-E2D9-4C9F-82FE-DEF50BBA4A48}.Release|x64.Build.0 = Release|Any CPU
		{29E65953-E2D9-4C9F-82FE-DEF50BBA4A48}.Release|x86.ActiveCfg = Release|Any CPU
		{29E65953-E2D9-4C9F-82FE-DEF50BBA4A48}.Release|x86.Build.0 = Release|Any CPU
		{3D165617-8A90-4BEB-B951-6168EDDA232D}.Debug|Any CPU.ActiveCfg = Debug|Any CPU
		{3D165617-8A90-4BEB-B951-6168EDDA232D}.Debug|Any CPU.Build.0 = Debug|Any CPU
		{3D165617-8A90-4BEB-B951-6168EDDA232D}.Debug|x64.ActiveCfg = Debug|Any CPU
		{3D165617-8A90-4BEB-B951-6168EDDA232D}.Debug|x64.Build.0 = Debug|Any CPU
		{3D165617-8A90-4BEB-B951-6168EDDA232D}.Debug|x86.ActiveCfg = Debug|Any CPU
		{3D165617-8A90-4BEB-B951-6168EDDA232D}.Debug|x86.Build.0 = Debug|Any CPU
		{3D165617-8A90-4BEB-B951-6168EDDA232D}.Release|Any CPU.ActiveCfg = Release|Any CPU
		{3D165617-8A90-4BEB-B951-6168EDDA232D}.Release|Any CPU.Build.0 = Release|Any CPU
		{3D165617-8A90-4BEB-B951-6168EDDA232D}.Release|x64.ActiveCfg = Release|Any CPU
		{3D165617-8A90-4BEB-B951-6168EDDA232D}.Release|x64.Build.0 = Release|Any CPU
		{3D165617-8A90-4BEB-B951-6168EDDA232D}.Release|x86.ActiveCfg = Release|Any CPU
		{3D165617-8A90-4BEB-B951-6168EDDA232D}.Release|x86.Build.0 = Release|Any CPU
		{E882F67B-24EC-444B-B748-EE9BEFF904E2}.Debug|Any CPU.ActiveCfg = Debug|Any CPU
		{E882F67B-24EC-444B-B748-EE9BEFF904E2}.Debug|Any CPU.Build.0 = Debug|Any CPU
		{E882F67B-24EC-444B-B748-EE9BEFF904E2}.Debug|x64.ActiveCfg = Debug|Any CPU
		{E882F67B-24EC-444B-B748-EE9BEFF904E2}.Debug|x64.Build.0 = Debug|Any CPU
		{E882F67B-24EC-444B-B748-EE9BEFF904E2}.Debug|x86.ActiveCfg = Debug|Any CPU
		{E882F67B-24EC-444B-B748-EE9BEFF904E2}.Debug|x86.Build.0 = Debug|Any CPU
		{E882F67B-24EC-444B-B748-EE9BEFF904E2}.Release|Any CPU.ActiveCfg = Release|Any CPU
		{E882F67B-24EC-444B-B748-EE9BEFF904E2}.Release|Any CPU.Build.0 = Release|Any CPU
		{E882F67B-24EC-444B-B748-EE9BEFF904E2}.Release|x64.ActiveCfg = Release|Any CPU
		{E882F67B-24EC-444B-B748-EE9BEFF904E2}.Release|x64.Build.0 = Release|Any CPU
		{E882F67B-24EC-444B-B748-EE9BEFF904E2}.Release|x86.ActiveCfg = Release|Any CPU
		{E882F67B-24EC-444B-B748-EE9BEFF904E2}.Release|x86.Build.0 = Release|Any CPU
		{C9F80831-9E6B-487E-8875-68F77055BA40}.Debug|Any CPU.ActiveCfg = Debug|Any CPU
		{C9F80831-9E6B-487E-8875-68F77055BA40}.Debug|Any CPU.Build.0 = Debug|Any CPU
		{C9F80831-9E6B-487E-8875-68F77055BA40}.Debug|x64.ActiveCfg = Debug|Any CPU
		{C9F80831-9E6B-487E-8875-68F77055BA40}.Debug|x64.Build.0 = Debug|Any CPU
		{C9F80831-9E6B-487E-8875-68F77055BA40}.Debug|x86.ActiveCfg = Debug|Any CPU
		{C9F80831-9E6B-487E-8875-68F77055BA40}.Debug|x86.Build.0 = Debug|Any CPU
		{C9F80831-9E6B-487E-8875-68F77055BA40}.Release|Any CPU.ActiveCfg = Release|Any CPU
		{C9F80831-9E6B-487E-8875-68F77055BA40}.Release|Any CPU.Build.0 = Release|Any CPU
		{C9F80831-9E6B-487E-8875-68F77055BA40}.Release|x64.ActiveCfg = Release|Any CPU
		{C9F80831-9E6B-487E-8875-68F77055BA40}.Release|x64.Build.0 = Release|Any CPU
		{C9F80831-9E6B-487E-8875-68F77055BA40}.Release|x86.ActiveCfg = Release|Any CPU
		{C9F80831-9E6B-487E-8875-68F77055BA40}.Release|x86.Build.0 = Release|Any CPU
		{91B55080-5E1C-467A-AE19-EE4433BA6601}.Debug|Any CPU.ActiveCfg = Debug|Any CPU
		{91B55080-5E1C-467A-AE19-EE4433BA6601}.Debug|Any CPU.Build.0 = Debug|Any CPU
		{91B55080-5E1C-467A-AE19-EE4433BA6601}.Debug|x64.ActiveCfg = Debug|Any CPU
		{91B55080-5E1C-467A-AE19-EE4433BA6601}.Debug|x64.Build.0 = Debug|Any CPU
		{91B55080-5E1C-467A-AE19-EE4433BA6601}.Debug|x86.ActiveCfg = Debug|Any CPU
		{91B55080-5E1C-467A-AE19-EE4433BA6601}.Debug|x86.Build.0 = Debug|Any CPU
		{91B55080-5E1C-467A-AE19-EE4433BA6601}.Release|Any CPU.ActiveCfg = Release|Any CPU
		{91B55080-5E1C-467A-AE19-EE4433BA6601}.Release|Any CPU.Build.0 = Release|Any CPU
		{91B55080-5E1C-467A-AE19-EE4433BA6601}.Release|x64.ActiveCfg = Release|Any CPU
		{91B55080-5E1C-467A-AE19-EE4433BA6601}.Release|x64.Build.0 = Release|Any CPU
		{91B55080-5E1C-467A-AE19-EE4433BA6601}.Release|x86.ActiveCfg = Release|Any CPU
		{91B55080-5E1C-467A-AE19-EE4433BA6601}.Release|x86.Build.0 = Release|Any CPU
		{A191CF80-FC53-4142-9769-CF949F3277B9}.Debug|Any CPU.ActiveCfg = Debug|Any CPU
		{A191CF80-FC53-4142-9769-CF949F3277B9}.Debug|Any CPU.Build.0 = Debug|Any CPU
		{A191CF80-FC53-4142-9769-CF949F3277B9}.Debug|x64.ActiveCfg = Debug|Any CPU
		{A191CF80-FC53-4142-9769-CF949F3277B9}.Debug|x64.Build.0 = Debug|Any CPU
		{A191CF80-FC53-4142-9769-CF949F3277B9}.Debug|x86.ActiveCfg = Debug|Any CPU
		{A191CF80-FC53-4142-9769-CF949F3277B9}.Debug|x86.Build.0 = Debug|Any CPU
		{A191CF80-FC53-4142-9769-CF949F3277B9}.Release|Any CPU.ActiveCfg = Release|Any CPU
		{A191CF80-FC53-4142-9769-CF949F3277B9}.Release|Any CPU.Build.0 = Release|Any CPU
		{A191CF80-FC53-4142-9769-CF949F3277B9}.Release|x64.ActiveCfg = Release|Any CPU
		{A191CF80-FC53-4142-9769-CF949F3277B9}.Release|x64.Build.0 = Release|Any CPU
		{A191CF80-FC53-4142-9769-CF949F3277B9}.Release|x86.ActiveCfg = Release|Any CPU
		{A191CF80-FC53-4142-9769-CF949F3277B9}.Release|x86.Build.0 = Release|Any CPU
		{D36A9A47-5820-4B6B-97EF-3AA1341A6E72}.Debug|Any CPU.ActiveCfg = Debug|Any CPU
		{D36A9A47-5820-4B6B-97EF-3AA1341A6E72}.Debug|Any CPU.Build.0 = Debug|Any CPU
		{D36A9A47-5820-4B6B-97EF-3AA1341A6E72}.Debug|x64.ActiveCfg = Debug|Any CPU
		{D36A9A47-5820-4B6B-97EF-3AA1341A6E72}.Debug|x64.Build.0 = Debug|Any CPU
		{D36A9A47-5820-4B6B-97EF-3AA1341A6E72}.Debug|x86.ActiveCfg = Debug|Any CPU
		{D36A9A47-5820-4B6B-97EF-3AA1341A6E72}.Debug|x86.Build.0 = Debug|Any CPU
		{D36A9A47-5820-4B6B-97EF-3AA1341A6E72}.Release|Any CPU.ActiveCfg = Release|Any CPU
		{D36A9A47-5820-4B6B-97EF-3AA1341A6E72}.Release|Any CPU.Build.0 = Release|Any CPU
		{D36A9A47-5820-4B6B-97EF-3AA1341A6E72}.Release|x64.ActiveCfg = Release|Any CPU
		{D36A9A47-5820-4B6B-97EF-3AA1341A6E72}.Release|x64.Build.0 = Release|Any CPU
		{D36A9A47-5820-4B6B-97EF-3AA1341A6E72}.Release|x86.ActiveCfg = Release|Any CPU
		{D36A9A47-5820-4B6B-97EF-3AA1341A6E72}.Release|x86.Build.0 = Release|Any CPU
	EndGlobalSection
	GlobalSection(SolutionProperties) = preSolution
		HideSolutionNode = FALSE
	EndGlobalSection
	GlobalSection(NestedProjects) = preSolution
		{3D165617-8A90-4BEB-B951-6168EDDA232D} = {1ABB8B79-9BF2-4C51-A920-9C17BF11273F}
		{C9F80831-9E6B-487E-8875-68F77055BA40} = {1ABB8B79-9BF2-4C51-A920-9C17BF11273F}
		{91B55080-5E1C-467A-AE19-EE4433BA6601} = {1ABB8B79-9BF2-4C51-A920-9C17BF11273F}
	EndGlobalSection
	GlobalSection(ExtensibilityGlobals) = postSolution
		SolutionGuid = {ACEEC9A9-FE4F-43DD-918D-443A19399CE1}
	EndGlobalSection
EndGlobal
