
Microsoft Visual Studio Solution File, Format Version 12.00
# Visual Studio 14
VisualStudioVersion = 14.0.25123.0
MinimumVisualStudioVersion = 10.0.40219.1
Project("{FAE04EC0-301F-11D3-BF4B-00C04F79EFBC}") = "LanguageExt.Core", "LanguageExt.Core\LanguageExt.Core.csproj", "{C0FA07A0-8B83-4FA5-ACFB-14185D5C4484}"
EndProject
Project("{FAE04EC0-301F-11D3-BF4B-00C04F79EFBC}") = "LanguageExt.FSharp", "LanguageExt.FSharp\LanguageExt.FSharp.csproj", "{5D8BB155-2E39-4A63-8100-2004CBCF529E}"
EndProject
Project("{FAE04EC0-301F-11D3-BF4B-00C04F79EFBC}") = "LanguageExt.Process", "LanguageExt.Process\LanguageExt.Process.csproj", "{D1AB41C6-8B45-4E01-8400-97D2779034DF}"
EndProject
Project("{F2A71F9B-5D33-465A-A702-920D77279786}") = "LanguageExt.Process.FSharp", "LanguageExt.Process.FSharp\LanguageExt.Process.FSharp.fsproj", "{D208187F-ADF0-4F22-BDAA-33AB92F0E88D}"
EndProject
Project("{FAE04EC0-301F-11D3-BF4B-00C04F79EFBC}") = "LanguageExt.Process.Redis", "LanguageExt.Process.Redis\LanguageExt.Process.Redis.csproj", "{DC05F334-346B-41BC-BEA5-BFBE24E52B5F}"
EndProject
Project("{FAE04EC0-301F-11D3-BF4B-00C04F79EFBC}") = "LanguageExt.ProcessJS", "LanguageExt.ProcessJS\LanguageExt.ProcessJS.csproj", "{D663DE72-70D5-496E-BCE8-613BB0F266CC}"
EndProject
Project("{FAE04EC0-301F-11D3-BF4B-00C04F79EFBC}") = "LanguageExt.Tests", "LanguageExt.Tests\LanguageExt.Tests.csproj", "{95AFE589-C43E-46B8-998A-C4D758324FE8}"
EndProject
Project("{2150E333-8FDC-42A3-9474-1A3956D46DE8}") = "Samples", "Samples", "{34BC0D3C-7EA4-4892-B752-19742BABB2F3}"
EndProject
Project("{2150E333-8FDC-42A3-9474-1A3956D46DE8}") = "ConfigSample", "ConfigSample", "{9FAFF4F2-57E5-4773-B09F-4DB02729D177}"
EndProject
Project("{FAE04EC0-301F-11D3-BF4B-00C04F79EFBC}") = "ConfigSample", "Samples\ConfigSample\ConfigSample.csproj", "{A7EE05DA-2BA4-4435-8452-BD10D2E3641D}"
EndProject
Project("{2150E333-8FDC-42A3-9474-1A3956D46DE8}") = "Process", "Process", "{D9A5594D-D411-42C2-B950-C22F8E794587}"
EndProject
Project("{2150E333-8FDC-42A3-9474-1A3956D46DE8}") = "Core", "Core", "{4F8133B5-043F-450D-ACC1-A22EF11016AB}"
EndProject
Project("{2150E333-8FDC-42A3-9474-1A3956D46DE8}") = "Dispatchers", "Dispatchers", "{72AAD49B-8C20-4367-AEA8-52D26A6519B9}"
EndProject
Project("{FAE04EC0-301F-11D3-BF4B-00C04F79EFBC}") = "Dispatchers", "Samples\Dispatchers\Dispatchers.csproj", "{FF6617E6-7CC3-4D42-869F-40DC8D557756}"
EndProject
Project("{2150E333-8FDC-42A3-9474-1A3956D46DE8}") = "PingPong", "PingPong", "{31F28DA2-E0A2-4EB2-ACA2-CB42E0D24FA6}"
EndProject
Project("{FAE04EC0-301F-11D3-BF4B-00C04F79EFBC}") = "ProcessSample", "Samples\ProcessSample\ProcessSample.csproj", "{9F322287-FF91-4DC8-9467-DF300091042B}"
EndProject
Project("{2150E333-8FDC-42A3-9474-1A3956D46DE8}") = "Process.Redis", "Process.Redis", "{6764863A-185B-4BCC-A290-7B9F899FC30B}"
EndProject
Project("{2150E333-8FDC-42A3-9474-1A3956D46DE8}") = "Inbox", "Inbox", "{5C1B70D0-5756-4D8E-9BBB-4760322B4FE5}"
EndProject
Project("{FAE04EC0-301F-11D3-BF4B-00C04F79EFBC}") = "RedisInboxSample", "Samples\RedisInboxSample\RedisInboxSample.csproj", "{7AC24676-95EF-48B1-B90F-8A62BB371655}"
EndProject
Project("{2150E333-8FDC-42A3-9474-1A3956D46DE8}") = "PubSub", "PubSub", "{04F8D74F-9399-4912-8197-54380A9F0948}"
EndProject
Project("{FAE04EC0-301F-11D3-BF4B-00C04F79EFBC}") = "RedisPublishSample", "Samples\RedisProcessSample\RedisPublishSample.csproj", "{2C45A7CE-37A6-40EB-A88C-527AE8C7E6DE}"
EndProject
Project("{2150E333-8FDC-42A3-9474-1A3956D46DE8}") = "Session", "Session", "{D7327971-E695-454B-BD09-B484D1285704}"
EndProject
Project("{FAE04EC0-301F-11D3-BF4B-00C04F79EFBC}") = "RedisSession", "Samples\RedisSession\RedisSession.csproj", "{7D69C81D-1BC0-416E-8B45-E27DA683EBF3}"
EndProject
Project("{2150E333-8FDC-42A3-9474-1A3956D46DE8}") = "State", "State", "{B9C1D640-C73B-4307-9C3A-3E1D5CFB36BA}"
EndProject
Project("{FAE04EC0-301F-11D3-BF4B-00C04F79EFBC}") = "RedisStateSample", "Samples\RedisStateSample\RedisStateSample.csproj", "{D205CD19-628D-4F60-8B63-B9AB5F0A55B9}"
EndProject
Project("{2150E333-8FDC-42A3-9474-1A3956D46DE8}") = "Watchers", "Watchers", "{BBFD2A61-E90A-4F90-9B5F-FAA1C4C90455}"
EndProject
Project("{FAE04EC0-301F-11D3-BF4B-00C04F79EFBC}") = "RedisWatcherA", "Samples\RedisWatcherA\RedisWatcherA.csproj", "{6C7F2187-2439-4DBE-9A23-2D36572914A0}"
EndProject
Project("{FAE04EC0-301F-11D3-BF4B-00C04F79EFBC}") = "RedisWatcherB", "Samples\RedisWatcherB\RedisWatcherB.csproj", "{D8A67D3E-6163-4827-9453-C1E61DC0584C}"
EndProject
Project("{2150E333-8FDC-42A3-9474-1A3956D46DE8}") = "Routers", "Routers", "{65DA779E-C5C8-4E2F-A7E3-8D82BC0D2169}"
EndProject
Project("{FAE04EC0-301F-11D3-BF4B-00C04F79EFBC}") = "Routers", "Samples\Routers\Routers.csproj", "{2C9FC816-21C9-4C1D-B2E2-FD3F112BAD75}"
EndProject
Project("{2150E333-8FDC-42A3-9474-1A3956D46DE8}") = "Strategies", "Strategies", "{C91F6DF1-E37C-4785-8211-BFDA7D04FA4E}"
EndProject
Project("{FAE04EC0-301F-11D3-BF4B-00C04F79EFBC}") = "Strategies", "Samples\Strategies\Strategies.csproj", "{2B223E17-4732-4A6F-9630-6F90E765965E}"
EndProject
Project("{2150E333-8FDC-42A3-9474-1A3956D46DE8}") = "TestBed", "TestBed", "{D00E81A0-06C2-421D-800D-7495260E1797}"
EndProject
Project("{FAE04EC0-301F-11D3-BF4B-00C04F79EFBC}") = "TestBed", "Samples\TestBed\TestBed.csproj", "{87D29C69-9A59-4CE8-A0D9-C7CF60D414DC}"
EndProject
Project("{2150E333-8FDC-42A3-9474-1A3956D46DE8}") = "Throughput", "Throughput", "{0B8446D1-117C-438E-960E-48C42AA46735}"
EndProject
Project("{FAE04EC0-301F-11D3-BF4B-00C04F79EFBC}") = "Throughput", "Samples\Throughput\Throughput.csproj", "{618FB18E-D6D1-47D5-9E03-BEFB30FA6C52}"
EndProject
Project("{2150E333-8FDC-42A3-9474-1A3956D46DE8}") = "UnitsOfMeasure", "UnitsOfMeasure", "{6C1F3072-B86A-4EBD-BBC7-B45344FBD534}"
EndProject
Project("{FAE04EC0-301F-11D3-BF4B-00C04F79EFBC}") = "UnitsOfMeasureSample", "Samples\UnitsOfMeasureSample\UnitsOfMeasureSample.csproj", "{640B0287-33E2-4D67-B1BF-7229C081EA14}"
EndProject
Project("{FAE04EC0-301F-11D3-BF4B-00C04F79EFBC}") = "Watchers", "Samples\Watchers\Watchers.csproj", "{7456CBB3-F9A5-4119-9C17-77E4846D1D8C}"
EndProject
Project("{FAE04EC0-301F-11D3-BF4B-00C04F79EFBC}") = "LanguageExt.Parsec", "LanguageExt.Parsec\LanguageExt.Parsec.csproj", "{49F181C4-D5B4-4076-BE96-1B516903AD8C}"
EndProject
Project("{FAE04EC0-301F-11D3-BF4B-00C04F79EFBC}") = "RedisSubscribeSample", "Samples\RedisSubscribeSample\RedisSubscribeSample.csproj", "{E2D6DAE8-8F03-4341-91DD-1D2B6BE94C6B}"
EndProject
Global
	GlobalSection(SolutionConfigurationPlatforms) = preSolution
		AppVeyorBuild|Any CPU = AppVeyorBuild|Any CPU
		CI|Any CPU = CI|Any CPU
		Debug|Any CPU = Debug|Any CPU
		Release|Any CPU = Release|Any CPU
	EndGlobalSection
	GlobalSection(ProjectConfigurationPlatforms) = postSolution
		{C0FA07A0-8B83-4FA5-ACFB-14185D5C4484}.AppVeyorBuild|Any CPU.ActiveCfg = AppVeyorBuild|Any CPU
		{C0FA07A0-8B83-4FA5-ACFB-14185D5C4484}.AppVeyorBuild|Any CPU.Build.0 = AppVeyorBuild|Any CPU
		{C0FA07A0-8B83-4FA5-ACFB-14185D5C4484}.CI|Any CPU.ActiveCfg = AppVeyorBuild|Any CPU
		{C0FA07A0-8B83-4FA5-ACFB-14185D5C4484}.CI|Any CPU.Build.0 = AppVeyorBuild|Any CPU
		{C0FA07A0-8B83-4FA5-ACFB-14185D5C4484}.Debug|Any CPU.ActiveCfg = Debug|Any CPU
		{C0FA07A0-8B83-4FA5-ACFB-14185D5C4484}.Debug|Any CPU.Build.0 = Debug|Any CPU
		{C0FA07A0-8B83-4FA5-ACFB-14185D5C4484}.Release|Any CPU.ActiveCfg = Release|Any CPU
		{C0FA07A0-8B83-4FA5-ACFB-14185D5C4484}.Release|Any CPU.Build.0 = Release|Any CPU
		{5D8BB155-2E39-4A63-8100-2004CBCF529E}.AppVeyorBuild|Any CPU.ActiveCfg = AppVeyorBuild|Any CPU
		{5D8BB155-2E39-4A63-8100-2004CBCF529E}.AppVeyorBuild|Any CPU.Build.0 = AppVeyorBuild|Any CPU
		{5D8BB155-2E39-4A63-8100-2004CBCF529E}.CI|Any CPU.ActiveCfg = AppVeyorBuild|Any CPU
		{5D8BB155-2E39-4A63-8100-2004CBCF529E}.CI|Any CPU.Build.0 = AppVeyorBuild|Any CPU
		{5D8BB155-2E39-4A63-8100-2004CBCF529E}.Debug|Any CPU.ActiveCfg = Debug|Any CPU
		{5D8BB155-2E39-4A63-8100-2004CBCF529E}.Debug|Any CPU.Build.0 = Debug|Any CPU
		{5D8BB155-2E39-4A63-8100-2004CBCF529E}.Release|Any CPU.ActiveCfg = Release|Any CPU
		{5D8BB155-2E39-4A63-8100-2004CBCF529E}.Release|Any CPU.Build.0 = Release|Any CPU
		{D1AB41C6-8B45-4E01-8400-97D2779034DF}.AppVeyorBuild|Any CPU.ActiveCfg = AppVeyorBuild|Any CPU
		{D1AB41C6-8B45-4E01-8400-97D2779034DF}.AppVeyorBuild|Any CPU.Build.0 = AppVeyorBuild|Any CPU
		{D1AB41C6-8B45-4E01-8400-97D2779034DF}.CI|Any CPU.ActiveCfg = AppVeyorBuild|Any CPU
		{D1AB41C6-8B45-4E01-8400-97D2779034DF}.CI|Any CPU.Build.0 = AppVeyorBuild|Any CPU
		{D1AB41C6-8B45-4E01-8400-97D2779034DF}.Debug|Any CPU.ActiveCfg = Debug|Any CPU
		{D1AB41C6-8B45-4E01-8400-97D2779034DF}.Debug|Any CPU.Build.0 = Debug|Any CPU
		{D1AB41C6-8B45-4E01-8400-97D2779034DF}.Release|Any CPU.ActiveCfg = Release|Any CPU
		{D1AB41C6-8B45-4E01-8400-97D2779034DF}.Release|Any CPU.Build.0 = Release|Any CPU
		{D208187F-ADF0-4F22-BDAA-33AB92F0E88D}.AppVeyorBuild|Any CPU.ActiveCfg = AppVeyorBuild|Any CPU
		{D208187F-ADF0-4F22-BDAA-33AB92F0E88D}.AppVeyorBuild|Any CPU.Build.0 = AppVeyorBuild|Any CPU
		{D208187F-ADF0-4F22-BDAA-33AB92F0E88D}.CI|Any CPU.ActiveCfg = AppVeyorBuild|Any CPU
		{D208187F-ADF0-4F22-BDAA-33AB92F0E88D}.CI|Any CPU.Build.0 = AppVeyorBuild|Any CPU
		{D208187F-ADF0-4F22-BDAA-33AB92F0E88D}.Debug|Any CPU.ActiveCfg = Debug|Any CPU
		{D208187F-ADF0-4F22-BDAA-33AB92F0E88D}.Debug|Any CPU.Build.0 = Debug|Any CPU
		{D208187F-ADF0-4F22-BDAA-33AB92F0E88D}.Release|Any CPU.ActiveCfg = Release|Any CPU
		{D208187F-ADF0-4F22-BDAA-33AB92F0E88D}.Release|Any CPU.Build.0 = Release|Any CPU
		{DC05F334-346B-41BC-BEA5-BFBE24E52B5F}.AppVeyorBuild|Any CPU.ActiveCfg = AppVeyorBuild|Any CPU
		{DC05F334-346B-41BC-BEA5-BFBE24E52B5F}.AppVeyorBuild|Any CPU.Build.0 = AppVeyorBuild|Any CPU
		{DC05F334-346B-41BC-BEA5-BFBE24E52B5F}.CI|Any CPU.ActiveCfg = AppVeyorBuild|Any CPU
		{DC05F334-346B-41BC-BEA5-BFBE24E52B5F}.CI|Any CPU.Build.0 = AppVeyorBuild|Any CPU
		{DC05F334-346B-41BC-BEA5-BFBE24E52B5F}.Debug|Any CPU.ActiveCfg = Debug|Any CPU
		{DC05F334-346B-41BC-BEA5-BFBE24E52B5F}.Debug|Any CPU.Build.0 = Debug|Any CPU
		{DC05F334-346B-41BC-BEA5-BFBE24E52B5F}.Release|Any CPU.ActiveCfg = Release|Any CPU
		{DC05F334-346B-41BC-BEA5-BFBE24E52B5F}.Release|Any CPU.Build.0 = Release|Any CPU
		{D663DE72-70D5-496E-BCE8-613BB0F266CC}.AppVeyorBuild|Any CPU.ActiveCfg = AppVeyorBuild|Any CPU
		{D663DE72-70D5-496E-BCE8-613BB0F266CC}.AppVeyorBuild|Any CPU.Build.0 = AppVeyorBuild|Any CPU
		{D663DE72-70D5-496E-BCE8-613BB0F266CC}.CI|Any CPU.ActiveCfg = AppVeyorBuild|Any CPU
		{D663DE72-70D5-496E-BCE8-613BB0F266CC}.CI|Any CPU.Build.0 = AppVeyorBuild|Any CPU
		{D663DE72-70D5-496E-BCE8-613BB0F266CC}.Debug|Any CPU.ActiveCfg = Debug|Any CPU
		{D663DE72-70D5-496E-BCE8-613BB0F266CC}.Debug|Any CPU.Build.0 = Debug|Any CPU
		{D663DE72-70D5-496E-BCE8-613BB0F266CC}.Release|Any CPU.ActiveCfg = Release|Any CPU
		{D663DE72-70D5-496E-BCE8-613BB0F266CC}.Release|Any CPU.Build.0 = Release|Any CPU
		{95AFE589-C43E-46B8-998A-C4D758324FE8}.AppVeyorBuild|Any CPU.ActiveCfg = AppVeyorBuild|Any CPU
		{95AFE589-C43E-46B8-998A-C4D758324FE8}.AppVeyorBuild|Any CPU.Build.0 = AppVeyorBuild|Any CPU
		{95AFE589-C43E-46B8-998A-C4D758324FE8}.CI|Any CPU.ActiveCfg = AppVeyorBuild|Any CPU
		{95AFE589-C43E-46B8-998A-C4D758324FE8}.CI|Any CPU.Build.0 = AppVeyorBuild|Any CPU
		{95AFE589-C43E-46B8-998A-C4D758324FE8}.Debug|Any CPU.ActiveCfg = Debug|Any CPU
		{95AFE589-C43E-46B8-998A-C4D758324FE8}.Debug|Any CPU.Build.0 = Debug|Any CPU
		{95AFE589-C43E-46B8-998A-C4D758324FE8}.Release|Any CPU.ActiveCfg = Release|Any CPU
		{95AFE589-C43E-46B8-998A-C4D758324FE8}.Release|Any CPU.Build.0 = Release|Any CPU
		{A7EE05DA-2BA4-4435-8452-BD10D2E3641D}.AppVeyorBuild|Any CPU.ActiveCfg = AppVeyorBuild|Any CPU
		{A7EE05DA-2BA4-4435-8452-BD10D2E3641D}.AppVeyorBuild|Any CPU.Build.0 = AppVeyorBuild|Any CPU
		{A7EE05DA-2BA4-4435-8452-BD10D2E3641D}.CI|Any CPU.ActiveCfg = AppVeyorBuild|Any CPU
		{A7EE05DA-2BA4-4435-8452-BD10D2E3641D}.CI|Any CPU.Build.0 = AppVeyorBuild|Any CPU
		{A7EE05DA-2BA4-4435-8452-BD10D2E3641D}.Debug|Any CPU.ActiveCfg = Debug|Any CPU
		{A7EE05DA-2BA4-4435-8452-BD10D2E3641D}.Debug|Any CPU.Build.0 = Debug|Any CPU
		{A7EE05DA-2BA4-4435-8452-BD10D2E3641D}.Release|Any CPU.ActiveCfg = Release|Any CPU
		{A7EE05DA-2BA4-4435-8452-BD10D2E3641D}.Release|Any CPU.Build.0 = Release|Any CPU
		{FF6617E6-7CC3-4D42-869F-40DC8D557756}.AppVeyorBuild|Any CPU.ActiveCfg = AppVeyorBuild|Any CPU
		{FF6617E6-7CC3-4D42-869F-40DC8D557756}.AppVeyorBuild|Any CPU.Build.0 = AppVeyorBuild|Any CPU
		{FF6617E6-7CC3-4D42-869F-40DC8D557756}.CI|Any CPU.ActiveCfg = Release|Any CPU
		{FF6617E6-7CC3-4D42-869F-40DC8D557756}.CI|Any CPU.Build.0 = Release|Any CPU
		{FF6617E6-7CC3-4D42-869F-40DC8D557756}.Debug|Any CPU.ActiveCfg = Debug|Any CPU
		{FF6617E6-7CC3-4D42-869F-40DC8D557756}.Debug|Any CPU.Build.0 = Debug|Any CPU
		{FF6617E6-7CC3-4D42-869F-40DC8D557756}.Release|Any CPU.ActiveCfg = Release|Any CPU
		{FF6617E6-7CC3-4D42-869F-40DC8D557756}.Release|Any CPU.Build.0 = Release|Any CPU
		{9F322287-FF91-4DC8-9467-DF300091042B}.AppVeyorBuild|Any CPU.ActiveCfg = AppVeyorBuild|Any CPU
		{9F322287-FF91-4DC8-9467-DF300091042B}.AppVeyorBuild|Any CPU.Build.0 = AppVeyorBuild|Any CPU
		{9F322287-FF91-4DC8-9467-DF300091042B}.CI|Any CPU.ActiveCfg = AppVeyorBuild|Any CPU
		{9F322287-FF91-4DC8-9467-DF300091042B}.CI|Any CPU.Build.0 = AppVeyorBuild|Any CPU
		{9F322287-FF91-4DC8-9467-DF300091042B}.Debug|Any CPU.ActiveCfg = Debug|Any CPU
		{9F322287-FF91-4DC8-9467-DF300091042B}.Debug|Any CPU.Build.0 = Debug|Any CPU
		{9F322287-FF91-4DC8-9467-DF300091042B}.Release|Any CPU.ActiveCfg = Release|Any CPU
		{9F322287-FF91-4DC8-9467-DF300091042B}.Release|Any CPU.Build.0 = Release|Any CPU
		{7AC24676-95EF-48B1-B90F-8A62BB371655}.AppVeyorBuild|Any CPU.ActiveCfg = AppVeyorBuild|Any CPU
		{7AC24676-95EF-48B1-B90F-8A62BB371655}.AppVeyorBuild|Any CPU.Build.0 = AppVeyorBuild|Any CPU
		{7AC24676-95EF-48B1-B90F-8A62BB371655}.CI|Any CPU.ActiveCfg = AppVeyorBuild|Any CPU
		{7AC24676-95EF-48B1-B90F-8A62BB371655}.CI|Any CPU.Build.0 = AppVeyorBuild|Any CPU
		{7AC24676-95EF-48B1-B90F-8A62BB371655}.Debug|Any CPU.ActiveCfg = Debug|Any CPU
		{7AC24676-95EF-48B1-B90F-8A62BB371655}.Debug|Any CPU.Build.0 = Debug|Any CPU
		{7AC24676-95EF-48B1-B90F-8A62BB371655}.Release|Any CPU.ActiveCfg = Release|Any CPU
		{7AC24676-95EF-48B1-B90F-8A62BB371655}.Release|Any CPU.Build.0 = Release|Any CPU
		{2C45A7CE-37A6-40EB-A88C-527AE8C7E6DE}.AppVeyorBuild|Any CPU.ActiveCfg = AppVeyorBuild|Any CPU
		{2C45A7CE-37A6-40EB-A88C-527AE8C7E6DE}.AppVeyorBuild|Any CPU.Build.0 = AppVeyorBuild|Any CPU
		{2C45A7CE-37A6-40EB-A88C-527AE8C7E6DE}.CI|Any CPU.ActiveCfg = AppVeyorBuild|Any CPU
		{2C45A7CE-37A6-40EB-A88C-527AE8C7E6DE}.CI|Any CPU.Build.0 = AppVeyorBuild|Any CPU
		{2C45A7CE-37A6-40EB-A88C-527AE8C7E6DE}.Debug|Any CPU.ActiveCfg = Debug|Any CPU
		{2C45A7CE-37A6-40EB-A88C-527AE8C7E6DE}.Debug|Any CPU.Build.0 = Debug|Any CPU
		{2C45A7CE-37A6-40EB-A88C-527AE8C7E6DE}.Release|Any CPU.ActiveCfg = Release|Any CPU
		{2C45A7CE-37A6-40EB-A88C-527AE8C7E6DE}.Release|Any CPU.Build.0 = Release|Any CPU
		{7D69C81D-1BC0-416E-8B45-E27DA683EBF3}.AppVeyorBuild|Any CPU.ActiveCfg = AppVeyorBuild|Any CPU
		{7D69C81D-1BC0-416E-8B45-E27DA683EBF3}.AppVeyorBuild|Any CPU.Build.0 = AppVeyorBuild|Any CPU
		{7D69C81D-1BC0-416E-8B45-E27DA683EBF3}.CI|Any CPU.ActiveCfg = Release|Any CPU
		{7D69C81D-1BC0-416E-8B45-E27DA683EBF3}.CI|Any CPU.Build.0 = Release|Any CPU
		{7D69C81D-1BC0-416E-8B45-E27DA683EBF3}.Debug|Any CPU.ActiveCfg = Debug|Any CPU
		{7D69C81D-1BC0-416E-8B45-E27DA683EBF3}.Debug|Any CPU.Build.0 = Debug|Any CPU
		{7D69C81D-1BC0-416E-8B45-E27DA683EBF3}.Release|Any CPU.ActiveCfg = Release|Any CPU
		{7D69C81D-1BC0-416E-8B45-E27DA683EBF3}.Release|Any CPU.Build.0 = Release|Any CPU
		{D205CD19-628D-4F60-8B63-B9AB5F0A55B9}.AppVeyorBuild|Any CPU.ActiveCfg = AppVeyorBuild|Any CPU
		{D205CD19-628D-4F60-8B63-B9AB5F0A55B9}.AppVeyorBuild|Any CPU.Build.0 = AppVeyorBuild|Any CPU
		{D205CD19-628D-4F60-8B63-B9AB5F0A55B9}.CI|Any CPU.ActiveCfg = AppVeyorBuild|Any CPU
		{D205CD19-628D-4F60-8B63-B9AB5F0A55B9}.CI|Any CPU.Build.0 = AppVeyorBuild|Any CPU
		{D205CD19-628D-4F60-8B63-B9AB5F0A55B9}.Debug|Any CPU.ActiveCfg = Debug|Any CPU
		{D205CD19-628D-4F60-8B63-B9AB5F0A55B9}.Debug|Any CPU.Build.0 = Debug|Any CPU
		{D205CD19-628D-4F60-8B63-B9AB5F0A55B9}.Release|Any CPU.ActiveCfg = Release|Any CPU
		{D205CD19-628D-4F60-8B63-B9AB5F0A55B9}.Release|Any CPU.Build.0 = Release|Any CPU
		{6C7F2187-2439-4DBE-9A23-2D36572914A0}.AppVeyorBuild|Any CPU.ActiveCfg = AppVeyorBuild|Any CPU
		{6C7F2187-2439-4DBE-9A23-2D36572914A0}.AppVeyorBuild|Any CPU.Build.0 = AppVeyorBuild|Any CPU
		{6C7F2187-2439-4DBE-9A23-2D36572914A0}.CI|Any CPU.ActiveCfg = Release|Any CPU
		{6C7F2187-2439-4DBE-9A23-2D36572914A0}.CI|Any CPU.Build.0 = Release|Any CPU
		{6C7F2187-2439-4DBE-9A23-2D36572914A0}.Debug|Any CPU.ActiveCfg = Debug|Any CPU
		{6C7F2187-2439-4DBE-9A23-2D36572914A0}.Debug|Any CPU.Build.0 = Debug|Any CPU
		{6C7F2187-2439-4DBE-9A23-2D36572914A0}.Release|Any CPU.ActiveCfg = Release|Any CPU
		{6C7F2187-2439-4DBE-9A23-2D36572914A0}.Release|Any CPU.Build.0 = Release|Any CPU
		{D8A67D3E-6163-4827-9453-C1E61DC0584C}.AppVeyorBuild|Any CPU.ActiveCfg = AppVeyorBuild|Any CPU
		{D8A67D3E-6163-4827-9453-C1E61DC0584C}.AppVeyorBuild|Any CPU.Build.0 = AppVeyorBuild|Any CPU
		{D8A67D3E-6163-4827-9453-C1E61DC0584C}.CI|Any CPU.ActiveCfg = Release|Any CPU
		{D8A67D3E-6163-4827-9453-C1E61DC0584C}.CI|Any CPU.Build.0 = Release|Any CPU
		{D8A67D3E-6163-4827-9453-C1E61DC0584C}.Debug|Any CPU.ActiveCfg = Debug|Any CPU
		{D8A67D3E-6163-4827-9453-C1E61DC0584C}.Debug|Any CPU.Build.0 = Debug|Any CPU
		{D8A67D3E-6163-4827-9453-C1E61DC0584C}.Release|Any CPU.ActiveCfg = Release|Any CPU
		{D8A67D3E-6163-4827-9453-C1E61DC0584C}.Release|Any CPU.Build.0 = Release|Any CPU
		{2C9FC816-21C9-4C1D-B2E2-FD3F112BAD75}.AppVeyorBuild|Any CPU.ActiveCfg = AppVeyorBuild|Any CPU
		{2C9FC816-21C9-4C1D-B2E2-FD3F112BAD75}.AppVeyorBuild|Any CPU.Build.0 = AppVeyorBuild|Any CPU
		{2C9FC816-21C9-4C1D-B2E2-FD3F112BAD75}.CI|Any CPU.ActiveCfg = Release|Any CPU
		{2C9FC816-21C9-4C1D-B2E2-FD3F112BAD75}.CI|Any CPU.Build.0 = Release|Any CPU
		{2C9FC816-21C9-4C1D-B2E2-FD3F112BAD75}.Debug|Any CPU.ActiveCfg = Debug|Any CPU
		{2C9FC816-21C9-4C1D-B2E2-FD3F112BAD75}.Debug|Any CPU.Build.0 = Debug|Any CPU
		{2C9FC816-21C9-4C1D-B2E2-FD3F112BAD75}.Release|Any CPU.ActiveCfg = Release|Any CPU
		{2C9FC816-21C9-4C1D-B2E2-FD3F112BAD75}.Release|Any CPU.Build.0 = Release|Any CPU
		{2B223E17-4732-4A6F-9630-6F90E765965E}.AppVeyorBuild|Any CPU.ActiveCfg = AppVeyorBuild|Any CPU
		{2B223E17-4732-4A6F-9630-6F90E765965E}.AppVeyorBuild|Any CPU.Build.0 = AppVeyorBuild|Any CPU
		{2B223E17-4732-4A6F-9630-6F90E765965E}.CI|Any CPU.ActiveCfg = Release|Any CPU
		{2B223E17-4732-4A6F-9630-6F90E765965E}.CI|Any CPU.Build.0 = Release|Any CPU
		{2B223E17-4732-4A6F-9630-6F90E765965E}.Debug|Any CPU.ActiveCfg = Debug|Any CPU
		{2B223E17-4732-4A6F-9630-6F90E765965E}.Debug|Any CPU.Build.0 = Debug|Any CPU
		{2B223E17-4732-4A6F-9630-6F90E765965E}.Release|Any CPU.ActiveCfg = Release|Any CPU
		{2B223E17-4732-4A6F-9630-6F90E765965E}.Release|Any CPU.Build.0 = Release|Any CPU
		{87D29C69-9A59-4CE8-A0D9-C7CF60D414DC}.AppVeyorBuild|Any CPU.ActiveCfg = AppVeyorBuild|Any CPU
		{87D29C69-9A59-4CE8-A0D9-C7CF60D414DC}.AppVeyorBuild|Any CPU.Build.0 = AppVeyorBuild|Any CPU
		{87D29C69-9A59-4CE8-A0D9-C7CF60D414DC}.CI|Any CPU.ActiveCfg = AppVeyorBuild|Any CPU
		{87D29C69-9A59-4CE8-A0D9-C7CF60D414DC}.CI|Any CPU.Build.0 = AppVeyorBuild|Any CPU
		{87D29C69-9A59-4CE8-A0D9-C7CF60D414DC}.Debug|Any CPU.ActiveCfg = Debug|Any CPU
		{87D29C69-9A59-4CE8-A0D9-C7CF60D414DC}.Debug|Any CPU.Build.0 = Debug|Any CPU
		{87D29C69-9A59-4CE8-A0D9-C7CF60D414DC}.Release|Any CPU.ActiveCfg = Release|Any CPU
		{87D29C69-9A59-4CE8-A0D9-C7CF60D414DC}.Release|Any CPU.Build.0 = Release|Any CPU
		{618FB18E-D6D1-47D5-9E03-BEFB30FA6C52}.AppVeyorBuild|Any CPU.ActiveCfg = AppVeyorBuild|Any CPU
		{618FB18E-D6D1-47D5-9E03-BEFB30FA6C52}.AppVeyorBuild|Any CPU.Build.0 = AppVeyorBuild|Any CPU
		{618FB18E-D6D1-47D5-9E03-BEFB30FA6C52}.CI|Any CPU.ActiveCfg = AppVeyorBuild|Any CPU
		{618FB18E-D6D1-47D5-9E03-BEFB30FA6C52}.CI|Any CPU.Build.0 = AppVeyorBuild|Any CPU
		{618FB18E-D6D1-47D5-9E03-BEFB30FA6C52}.Debug|Any CPU.ActiveCfg = Debug|Any CPU
		{618FB18E-D6D1-47D5-9E03-BEFB30FA6C52}.Debug|Any CPU.Build.0 = Debug|Any CPU
		{618FB18E-D6D1-47D5-9E03-BEFB30FA6C52}.Release|Any CPU.ActiveCfg = Release|Any CPU
		{618FB18E-D6D1-47D5-9E03-BEFB30FA6C52}.Release|Any CPU.Build.0 = Release|Any CPU
		{640B0287-33E2-4D67-B1BF-7229C081EA14}.AppVeyorBuild|Any CPU.ActiveCfg = AppVeyorBuild|Any CPU
		{640B0287-33E2-4D67-B1BF-7229C081EA14}.AppVeyorBuild|Any CPU.Build.0 = AppVeyorBuild|Any CPU
		{640B0287-33E2-4D67-B1BF-7229C081EA14}.CI|Any CPU.ActiveCfg = Release|Any CPU
		{640B0287-33E2-4D67-B1BF-7229C081EA14}.CI|Any CPU.Build.0 = Release|Any CPU
		{640B0287-33E2-4D67-B1BF-7229C081EA14}.Debug|Any CPU.ActiveCfg = Debug|Any CPU
		{640B0287-33E2-4D67-B1BF-7229C081EA14}.Debug|Any CPU.Build.0 = Debug|Any CPU
		{640B0287-33E2-4D67-B1BF-7229C081EA14}.Release|Any CPU.ActiveCfg = Release|Any CPU
		{640B0287-33E2-4D67-B1BF-7229C081EA14}.Release|Any CPU.Build.0 = Release|Any CPU
		{7456CBB3-F9A5-4119-9C17-77E4846D1D8C}.AppVeyorBuild|Any CPU.ActiveCfg = AppVeyorBuild|Any CPU
		{7456CBB3-F9A5-4119-9C17-77E4846D1D8C}.AppVeyorBuild|Any CPU.Build.0 = AppVeyorBuild|Any CPU
		{7456CBB3-F9A5-4119-9C17-77E4846D1D8C}.CI|Any CPU.ActiveCfg = Release|Any CPU
		{7456CBB3-F9A5-4119-9C17-77E4846D1D8C}.CI|Any CPU.Build.0 = Release|Any CPU
		{7456CBB3-F9A5-4119-9C17-77E4846D1D8C}.Debug|Any CPU.ActiveCfg = Debug|Any CPU
		{7456CBB3-F9A5-4119-9C17-77E4846D1D8C}.Debug|Any CPU.Build.0 = Debug|Any CPU
		{7456CBB3-F9A5-4119-9C17-77E4846D1D8C}.Release|Any CPU.ActiveCfg = Release|Any CPU
		{7456CBB3-F9A5-4119-9C17-77E4846D1D8C}.Release|Any CPU.Build.0 = Release|Any CPU
		{49F181C4-D5B4-4076-BE96-1B516903AD8C}.AppVeyorBuild|Any CPU.ActiveCfg = AppVeyorBuild|Any CPU
		{49F181C4-D5B4-4076-BE96-1B516903AD8C}.AppVeyorBuild|Any CPU.Build.0 = AppVeyorBuild|Any CPU
		{49F181C4-D5B4-4076-BE96-1B516903AD8C}.CI|Any CPU.ActiveCfg = Release|Any CPU
		{49F181C4-D5B4-4076-BE96-1B516903AD8C}.CI|Any CPU.Build.0 = Release|Any CPU
		{49F181C4-D5B4-4076-BE96-1B516903AD8C}.Debug|Any CPU.ActiveCfg = Debug|Any CPU
		{49F181C4-D5B4-4076-BE96-1B516903AD8C}.Debug|Any CPU.Build.0 = Debug|Any CPU
		{49F181C4-D5B4-4076-BE96-1B516903AD8C}.Release|Any CPU.ActiveCfg = Release|Any CPU
		{49F181C4-D5B4-4076-BE96-1B516903AD8C}.Release|Any CPU.Build.0 = Release|Any CPU
		{E2D6DAE8-8F03-4341-91DD-1D2B6BE94C6B}.AppVeyorBuild|Any CPU.ActiveCfg = Release|Any CPU
		{E2D6DAE8-8F03-4341-91DD-1D2B6BE94C6B}.AppVeyorBuild|Any CPU.Build.0 = Release|Any CPU
		{E2D6DAE8-8F03-4341-91DD-1D2B6BE94C6B}.CI|Any CPU.ActiveCfg = Release|Any CPU
		{E2D6DAE8-8F03-4341-91DD-1D2B6BE94C6B}.CI|Any CPU.Build.0 = Release|Any CPU
		{E2D6DAE8-8F03-4341-91DD-1D2B6BE94C6B}.Debug|Any CPU.ActiveCfg = Debug|Any CPU
		{E2D6DAE8-8F03-4341-91DD-1D2B6BE94C6B}.Debug|Any CPU.Build.0 = Debug|Any CPU
		{E2D6DAE8-8F03-4341-91DD-1D2B6BE94C6B}.Release|Any CPU.ActiveCfg = Release|Any CPU
		{E2D6DAE8-8F03-4341-91DD-1D2B6BE94C6B}.Release|Any CPU.Build.0 = Release|Any CPU
	EndGlobalSection
	GlobalSection(SolutionProperties) = preSolution
		HideSolutionNode = FALSE
	EndGlobalSection
	GlobalSection(NestedProjects) = preSolution
		{9FAFF4F2-57E5-4773-B09F-4DB02729D177} = {4F8133B5-043F-450D-ACC1-A22EF11016AB}
		{A7EE05DA-2BA4-4435-8452-BD10D2E3641D} = {9FAFF4F2-57E5-4773-B09F-4DB02729D177}
		{D9A5594D-D411-42C2-B950-C22F8E794587} = {34BC0D3C-7EA4-4892-B752-19742BABB2F3}
		{4F8133B5-043F-450D-ACC1-A22EF11016AB} = {34BC0D3C-7EA4-4892-B752-19742BABB2F3}
		{72AAD49B-8C20-4367-AEA8-52D26A6519B9} = {D9A5594D-D411-42C2-B950-C22F8E794587}
		{FF6617E6-7CC3-4D42-869F-40DC8D557756} = {72AAD49B-8C20-4367-AEA8-52D26A6519B9}
		{31F28DA2-E0A2-4EB2-ACA2-CB42E0D24FA6} = {D9A5594D-D411-42C2-B950-C22F8E794587}
		{9F322287-FF91-4DC8-9467-DF300091042B} = {31F28DA2-E0A2-4EB2-ACA2-CB42E0D24FA6}
		{6764863A-185B-4BCC-A290-7B9F899FC30B} = {34BC0D3C-7EA4-4892-B752-19742BABB2F3}
		{5C1B70D0-5756-4D8E-9BBB-4760322B4FE5} = {6764863A-185B-4BCC-A290-7B9F899FC30B}
		{7AC24676-95EF-48B1-B90F-8A62BB371655} = {5C1B70D0-5756-4D8E-9BBB-4760322B4FE5}
		{04F8D74F-9399-4912-8197-54380A9F0948} = {6764863A-185B-4BCC-A290-7B9F899FC30B}
		{2C45A7CE-37A6-40EB-A88C-527AE8C7E6DE} = {04F8D74F-9399-4912-8197-54380A9F0948}
		{D7327971-E695-454B-BD09-B484D1285704} = {6764863A-185B-4BCC-A290-7B9F899FC30B}
		{7D69C81D-1BC0-416E-8B45-E27DA683EBF3} = {D7327971-E695-454B-BD09-B484D1285704}
		{B9C1D640-C73B-4307-9C3A-3E1D5CFB36BA} = {6764863A-185B-4BCC-A290-7B9F899FC30B}
		{D205CD19-628D-4F60-8B63-B9AB5F0A55B9} = {B9C1D640-C73B-4307-9C3A-3E1D5CFB36BA}
		{BBFD2A61-E90A-4F90-9B5F-FAA1C4C90455} = {6764863A-185B-4BCC-A290-7B9F899FC30B}
		{6C7F2187-2439-4DBE-9A23-2D36572914A0} = {BBFD2A61-E90A-4F90-9B5F-FAA1C4C90455}
		{D8A67D3E-6163-4827-9453-C1E61DC0584C} = {BBFD2A61-E90A-4F90-9B5F-FAA1C4C90455}
		{65DA779E-C5C8-4E2F-A7E3-8D82BC0D2169} = {D9A5594D-D411-42C2-B950-C22F8E794587}
		{2C9FC816-21C9-4C1D-B2E2-FD3F112BAD75} = {65DA779E-C5C8-4E2F-A7E3-8D82BC0D2169}
		{C91F6DF1-E37C-4785-8211-BFDA7D04FA4E} = {D9A5594D-D411-42C2-B950-C22F8E794587}
		{2B223E17-4732-4A6F-9630-6F90E765965E} = {C91F6DF1-E37C-4785-8211-BFDA7D04FA4E}
		{D00E81A0-06C2-421D-800D-7495260E1797} = {34BC0D3C-7EA4-4892-B752-19742BABB2F3}
		{87D29C69-9A59-4CE8-A0D9-C7CF60D414DC} = {D00E81A0-06C2-421D-800D-7495260E1797}
		{0B8446D1-117C-438E-960E-48C42AA46735} = {D9A5594D-D411-42C2-B950-C22F8E794587}
		{618FB18E-D6D1-47D5-9E03-BEFB30FA6C52} = {0B8446D1-117C-438E-960E-48C42AA46735}
		{6C1F3072-B86A-4EBD-BBC7-B45344FBD534} = {34BC0D3C-7EA4-4892-B752-19742BABB2F3}
		{640B0287-33E2-4D67-B1BF-7229C081EA14} = {6C1F3072-B86A-4EBD-BBC7-B45344FBD534}
		{7456CBB3-F9A5-4119-9C17-77E4846D1D8C} = {BBFD2A61-E90A-4F90-9B5F-FAA1C4C90455}
		{E2D6DAE8-8F03-4341-91DD-1D2B6BE94C6B} = {04F8D74F-9399-4912-8197-54380A9F0948}
	EndGlobalSection
EndGlobal
