
Microsoft Visual Studio Solution File, Format Version 12.00
# Visual Studio Version 16
VisualStudioVersion = 16.0.28803.156
MinimumVisualStudioVersion = 10.0.40219.1
Project("{FAE04EC0-301F-11D3-BF4B-00C04F79EFBC}") = "Contoso.Web", "Contoso.Web\Contoso.Web.csproj", "{37015664-0D8F-4D47-8F02-918E1EC14E61}"
EndProject
Global
	GlobalSection(SolutionConfigurationPlatforms) = preSolution
		Debug|Any CPU = Debug|Any CPU
		Release|Any CPU = Release|Any CPU
	EndGlobalSection
	GlobalSection(ProjectConfigurationPlatforms) = postSolution
		{37015664-0D8F-4D47-8F02-918E1EC14E61}.Debug|Any CPU.ActiveCfg = Debug|Any CPU
		{37015664-0D8F-4D47-8F02-918E1EC14E61}.Debug|Any CPU.Build.0 = Debug|Any CPU
		{37015664-0D8F-4D47-8F02-918E1EC14E61}.Release|Any CPU.ActiveCfg = Release|Any CPU
		{37015664-0D8F-4D47-8F02-918E1EC14E61}.Release|Any CPU.Build.0 = Release|Any CPU
	EndGlobalSection
	GlobalSection(SolutionProperties) = preSolution
		HideSolutionNode = FALSE
	EndGlobalSection
	GlobalSection(ExtensibilityGlobals) = postSolution
		SolutionGuid = {B6A998E8-D0B2-4499-9A9F-B0882AD36143}
	EndGlobalSection
EndGlobal
