
Microsoft Visual Studio Solution File, Format Version 12.00
# Visual Studio Version 16
VisualStudioVersion = 16.0.28803.156
MinimumVisualStudioVersion = 10.0.40219.1
Project("{9A19103F-16F7-4668-BE54-9A1E7A4F7556}") = "Contoso.Web", "Contoso.Web\Contoso.Web.csproj", "{37015664-0D8F-4D47-8F02-918E1EC14E61}"
EndProject
Project("{2150E333-8FDC-42A3-9474-1A3956D46DE8}") = "src", "src", "{0EA9357E-CDD4-415B-A4B1-C82921612C96}"
EndProject
Project("{2150E333-8FDC-42A3-9474-1A3956D46DE8}") = "test", "test", "{4DAC1349-6187-4502-97C7-7F5E9B6B6376}"
EndProject
Project("{9A19103F-16F7-4668-BE54-9A1E7A4F7556}") = "Contoso.Infrastructure", "Contoso.Infrastructure\Contoso.Infrastructure.csproj", "{CC7B7F54-FD97-43F7-8CC1-A6DF576926B8}"
EndProject
Project("{9A19103F-16F7-4668-BE54-9A1E7A4F7556}") = "Contoso.Core", "Contoso.Core\Contoso.Core.csproj", "{DD861080-814A-4045-802F-2FD388FEE727}"
EndProject
Project("{9A19103F-16F7-4668-BE54-9A1E7A4F7556}") = "Contoso.Application", "Contoso.Application\Contoso.Application.csproj", "{2F114C86-3169-4D11-A69F-1DE53E76BBC8}"
EndProject
Project("{FAE04EC0-301F-11D3-BF4B-00C04F79EFBC}") = "Contoso.Application.Test", "Contoso.Application.Test\Contoso.Application.Test.csproj", "{17C05B9F-78CA-4C15-ACC3-667CA107B066}"
EndProject
Global
	GlobalSection(SolutionConfigurationPlatforms) = preSolution
		Debug|Any CPU = Debug|Any CPU
		Release|Any CPU = Release|Any CPU
	EndGlobalSection
	GlobalSection(ProjectConfigurationPlatforms) = postSolution
		{37015664-0D8F-4D47-8F02-918E1EC14E61}.Debug|Any CPU.ActiveCfg = Debug|Any CPU
		{37015664-0D8F-4D47-8F02-918E1EC14E61}.Debug|Any CPU.Build.0 = Debug|Any CPU
		{37015664-0D8F-4D47-8F02-918E1EC14E61}.Release|Any CPU.ActiveCfg = Release|Any CPU
		{37015664-0D8F-4D47-8F02-918E1EC14E61}.Release|Any CPU.Build.0 = Release|Any CPU
		{CC7B7F54-FD97-43F7-8CC1-A6DF576926B8}.Debug|Any CPU.ActiveCfg = Debug|Any CPU
		{CC7B7F54-FD97-43F7-8CC1-A6DF576926B8}.Debug|Any CPU.Build.0 = Debug|Any CPU
		{CC7B7F54-FD97-43F7-8CC1-A6DF576926B8}.Release|Any CPU.ActiveCfg = Release|Any CPU
		{CC7B7F54-FD97-43F7-8CC1-A6DF576926B8}.Release|Any CPU.Build.0 = Release|Any CPU
		{DD861080-814A-4045-802F-2FD388FEE727}.Debug|Any CPU.ActiveCfg = Debug|Any CPU
		{DD861080-814A-4045-802F-2FD388FEE727}.Debug|Any CPU.Build.0 = Debug|Any CPU
		{DD861080-814A-4045-802F-2FD388FEE727}.Release|Any CPU.ActiveCfg = Release|Any CPU
		{DD861080-814A-4045-802F-2FD388FEE727}.Release|Any CPU.Build.0 = Release|Any CPU
		{2F114C86-3169-4D11-A69F-1DE53E76BBC8}.Debug|Any CPU.ActiveCfg = Debug|Any CPU
		{2F114C86-3169-4D11-A69F-1DE53E76BBC8}.Debug|Any CPU.Build.0 = Debug|Any CPU
		{2F114C86-3169-4D11-A69F-1DE53E76BBC8}.Release|Any CPU.ActiveCfg = Release|Any CPU
		{2F114C86-3169-4D11-A69F-1DE53E76BBC8}.Release|Any CPU.Build.0 = Release|Any CPU
		{17C05B9F-78CA-4C15-ACC3-667CA107B066}.Debug|Any CPU.ActiveCfg = Debug|Any CPU
		{17C05B9F-78CA-4C15-ACC3-667CA107B066}.Debug|Any CPU.Build.0 = Debug|Any CPU
		{17C05B9F-78CA-4C15-ACC3-667CA107B066}.Release|Any CPU.ActiveCfg = Release|Any CPU
		{17C05B9F-78CA-4C15-ACC3-667CA107B066}.Release|Any CPU.Build.0 = Release|Any CPU
	EndGlobalSection
	GlobalSection(SolutionProperties) = preSolution
		HideSolutionNode = FALSE
	EndGlobalSection
	GlobalSection(NestedProjects) = preSolution
		{37015664-0D8F-4D47-8F02-918E1EC14E61} = {0EA9357E-CDD4-415B-A4B1-C82921612C96}
		{CC7B7F54-FD97-43F7-8CC1-A6DF576926B8} = {0EA9357E-CDD4-415B-A4B1-C82921612C96}
		{DD861080-814A-4045-802F-2FD388FEE727} = {0EA9357E-CDD4-415B-A4B1-C82921612C96}
		{2F114C86-3169-4D11-A69F-1DE53E76BBC8} = {0EA9357E-CDD4-415B-A4B1-C82921612C96}
		{17C05B9F-78CA-4C15-ACC3-667CA107B066} = {4DAC1349-6187-4502-97C7-7F5E9B6B6376}
	EndGlobalSection
	GlobalSection(ExtensibilityGlobals) = postSolution
		SolutionGuid = {B6A998E8-D0B2-4499-9A9F-B0882AD36143}
	EndGlobalSection
EndGlobal
