
Microsoft Visual Studio Solution File, Format Version 12.00
# Visual Studio 15
VisualStudioVersion = 15.0.26430.14
MinimumVisualStudioVersion = 10.0.40219.1
Project("{FAE04EC0-301F-11D3-BF4B-00C04F79EFBC}") = "BankingAppSample", "BankingAppSample\BankingAppSample.csproj", "{A87628A9-5A53-4564-AF2F-623F27E4087F}"
EndProject
Project("{FAE04EC0-301F-11D3-BF4B-00C04F79EFBC}") = "Banking.Schema", "Banking.Schema\Banking.Schema.csproj", "{D957D101-518C-43A0-A54D-1942D28DDC87}"
EndProject
Project("{FAE04EC0-301F-11D3-BF4B-00C04F79EFBC}") = "Banking.Core", "Banking.Core\Banking.Core.csproj", "{FF041C62-93DA-4F41-9BB6-C9DD65B9F016}"
EndProject
Global
	GlobalSection(SolutionConfigurationPlatforms) = preSolution
		Debug|Any CPU = Debug|Any CPU
		Release|Any CPU = Release|Any CPU
	EndGlobalSection
	GlobalSection(ProjectConfigurationPlatforms) = postSolution
		{A87628A9-5A53-4564-AF2F-623F27E4087F}.Debug|Any CPU.ActiveCfg = Debug|Any CPU
		{A87628A9-5A53-4564-AF2F-623F27E4087F}.Debug|Any CPU.Build.0 = Debug|Any CPU
		{A87628A9-5A53-4564-AF2F-623F27E4087F}.Release|Any CPU.ActiveCfg = Release|Any CPU
		{A87628A9-5A53-4564-AF2F-623F27E4087F}.Release|Any CPU.Build.0 = Release|Any CPU
		{D957D101-518C-43A0-A54D-1942D28DDC87}.Debug|Any CPU.ActiveCfg = Debug|Any CPU
		{D957D101-518C-43A0-A54D-1942D28DDC87}.Debug|Any CPU.Build.0 = Debug|Any CPU
		{D957D101-518C-43A0-A54D-1942D28DDC87}.Release|Any CPU.ActiveCfg = Release|Any CPU
		{D957D101-518C-43A0-A54D-1942D28DDC87}.Release|Any CPU.Build.0 = Release|Any CPU
		{FF041C62-93DA-4F41-9BB6-C9DD65B9F016}.Debug|Any CPU.ActiveCfg = Debug|Any CPU
		{FF041C62-93DA-4F41-9BB6-C9DD65B9F016}.Debug|Any CPU.Build.0 = Debug|Any CPU
		{FF041C62-93DA-4F41-9BB6-C9DD65B9F016}.Release|Any CPU.ActiveCfg = Release|Any CPU
		{FF041C62-93DA-4F41-9BB6-C9DD65B9F016}.Release|Any CPU.Build.0 = Release|Any CPU
	EndGlobalSection
	GlobalSection(SolutionProperties) = preSolution
		HideSolutionNode = FALSE
	EndGlobalSection
EndGlobal
